<?xml version="1.0" encoding="UTF-8" standalone="yes" ?>
<CodeBlocks_project_file>
	<FileVersion major="1" minor="6" />
	<Project>
		<Option title="skill_rebalance" />
		<Option pch_mode="2" />
		<Option compiler="gcc" />
		<Build>
			<Target title="Debug">
				<Option output="bin\Debug\skill_rebalance" prefix_auto="1" extension_auto="1" />
				<Option object_output="obj\Debug\" />
				<Option type="1" />
				<Option compiler="gcc" />
				<Compiler>
					<Add option="-g" />
				</Compiler>
			</Target>
			<Target title="Release">
				<Option output="bin\Release\skill_rebalance" prefix_auto="1" extension_auto="1" />
				<Option object_output="obj\Release\" />
				<Option type="1" />
				<Option compiler="gcc" />
				<Compiler>
					<Add option="-O2" />
				</Compiler>
				<Linker>
					<Add option="-s" />
				</Linker>
			</Target>
		</Build>
		<Compiler>
			<Add option="-Wall" />
			<Add option="-fexceptions" />
		</Compiler>
		<Unit filename="..\..\base\FileFunctions.cpp" />
		<Unit filename="..\..\base\FileFunctions.h" />
		<Unit filename="..\..\base\UtilityFunctions.cpp" />
		<Unit filename="..\..\base\UtilityFunctions.h" />
		<Unit filename="..\base\DepFiles.cpp" />
		<Unit filename="..\base\DepFiles.h" />
		<Unit filename="..\base\ESMReader.cpp" />
		<Unit filename="..\base\ESMReader.h" />
		<Unit filename="..\base\ESMWriter.cpp" />
		<Unit filename="..\base\ESMWriter.h" />
		<Unit filename="..\base\GameSettings.cpp" />
		<Unit filename="..\base\GameSettings.h" />
		<Unit filename="..\base\HelperIO.cpp" />
		<Unit filename="..\base\HelperIO.h" />
		<Unit filename="..\base\RegistryFunctions.cpp" />
		<Unit filename="..\base\RegistryFunctions.h" />
		<Unit filename="..\base\ReturnCodes.h" />
		<Unit filename="..\base\Skills.cpp" />
		<Unit filename="..\base\Skills.h" />
		<Unit filename="..\base\records\BasicRecord.cpp" />
		<Unit filename="..\base\records\BasicRecord.h" />
		<Unit filename="..\base\records\GMSTRecord.cpp" />
		<Unit filename="..\base\records\GMSTRecord.h" />
		<Unit filename="..\base\records\GenericRecord.cpp" />
		<Unit filename="..\base\records\GenericRecord.h" />
		<Unit filename="..\base\records\SkillRecord.cpp" />
		<Unit filename="..\base\records\SkillRecord.h" />
		<Unit filename="..\base\records\TES3Record.cpp" />
		<Unit filename="..\base\records\TES3Record.h" />
		<Unit filename="ESMReaderSkillRebalance.cpp" />
		<Unit filename="ESMReaderSkillRebalance.h" />
		<Unit filename="ESMWriterSkillRebalance.cpp" />
		<Unit filename="ESMWriterSkillRebalance.h" />
		<Unit filename="main.cpp" />
		<Extensions>
			<code_completion />
			<envvars />
			<debugger />
		</Extensions>
	</Project>
</CodeBlocks_project_file>
