<?xml version="1.0" encoding="UTF-8" standalone="yes" ?>
<CodeBlocks_project_file>
	<FileVersion major="1" minor="6" />
	<Project>
		<Option title="skill_rebalance" />
		<Option pch_mode="2" />
		<Option compiler="gcc" />
		<Build>
			<Target title="Debug">
				<Option output="bin/Debug/skill_rebalance" prefix_auto="1" extension_auto="1" />
				<Option object_output="obj/Debug/" />
				<Option type="1" />
				<Option compiler="gcc" />
				<Compiler>
					<Add option="-g" />
				</Compiler>
			</Target>
			<Target title="Release">
				<Option output="bin/Release/skill_rebalance" prefix_auto="1" extension_auto="1" />
				<Option object_output="obj/Release/" />
				<Option type="1" />
				<Option compiler="gcc" />
				<Compiler>
					<Add option="-O2" />
				</Compiler>
				<Linker>
					<Add option="-s" />
				</Linker>
			</Target>
		</Build>
		<Compiler>
			<Add option="-Wall" />
			<Add option="-fexceptions" />
		</Compiler>
		<Unit filename="../../base/DirectoryFunctions.cpp" />
		<Unit filename="../../base/DirectoryFunctions.hpp" />
		<Unit filename="../../base/FileFunctions.cpp" />
		<Unit filename="../../base/FileFunctions.hpp" />
		<Unit filename="../../base/RegistryFunctions.cpp" />
		<Unit filename="../../base/RegistryFunctions.hpp" />
		<Unit filename="../../base/UtilityFunctions.cpp" />
		<Unit filename="../../base/UtilityFunctions.hpp" />
		<Unit filename="../base/DepFiles.cpp" />
		<Unit filename="../base/DepFiles.hpp" />
		<Unit filename="../base/ESMReader.cpp" />
		<Unit filename="../base/ESMReader.hpp" />
		<Unit filename="../base/ESMWriter.cpp" />
		<Unit filename="../base/ESMWriter.hpp" />
		<Unit filename="../base/GameSettings.cpp" />
		<Unit filename="../base/GameSettings.hpp" />
		<Unit filename="../base/HelperIO.cpp" />
		<Unit filename="../base/HelperIO.hpp" />
		<Unit filename="../base/RegistryFunctions.hpp" />
		<Unit filename="../base/ReturnCodes.hpp" />
		<Unit filename="../base/Skills.cpp" />
		<Unit filename="../base/Skills.hpp" />
		<Unit filename="../base/records/BasicRecord.cpp" />
		<Unit filename="../base/records/BasicRecord.hpp" />
		<Unit filename="../base/records/GMSTRecord.cpp" />
		<Unit filename="../base/records/GMSTRecord.hpp" />
		<Unit filename="../base/records/GenericRecord.cpp" />
		<Unit filename="../base/records/GenericRecord.hpp" />
		<Unit filename="../base/records/SkillRecord.cpp" />
		<Unit filename="../base/records/SkillRecord.hpp" />
		<Unit filename="../base/records/TES3Record.cpp" />
		<Unit filename="../base/records/TES3Record.hpp" />
		<Unit filename="ESMReaderSkillRebalance.cpp" />
		<Unit filename="ESMReaderSkillRebalance.hpp" />
		<Unit filename="ESMWriterSkillRebalance.cpp" />
		<Unit filename="ESMWriterSkillRebalance.hpp" />
		<Unit filename="main.cpp" />
		<Extensions>
			<code_completion />
			<envvars />
			<debugger />
		</Extensions>
	</Project>
</CodeBlocks_project_file>
