<?xml version="1.0" encoding="UTF-8" standalone="yes" ?>
<CodeBlocks_project_file>
	<FileVersion major="1" minor="6" />
	<Project>
		<Option title="cell_reader" />
		<Option pch_mode="2" />
		<Option compiler="gcc" />
		<Build>
			<Target title="Release">
				<Option output="bin/Release/cell_reader" prefix_auto="1" extension_auto="1" />
				<Option object_output="obj/Release/" />
				<Option type="1" />
				<Option compiler="gcc" />
				<Compiler>
					<Add option="-O2" />
				</Compiler>
				<Linker>
					<Add option="-s" />
				</Linker>
			</Target>
		</Build>
		<Compiler>
			<Add option="-Weffc++" />
			<Add option="-pedantic" />
			<Add option="-Wall" />
			<Add option="-std=c++17" />
			<Add option="-fexceptions" />
		</Compiler>
		<Unit filename="../../lib/base/DirectoryFunctions.cpp" />
		<Unit filename="../../lib/base/DirectoryFunctions.hpp" />
		<Unit filename="../../lib/mw/Cells.cpp" />
		<Unit filename="../../lib/mw/Cells.hpp" />
		<Unit filename="../../lib/mw/DepFiles.cpp" />
		<Unit filename="../../lib/mw/DepFiles.hpp" />
		<Unit filename="../../lib/mw/ESMReader.cpp" />
		<Unit filename="../../lib/mw/ESMReader.hpp" />
		<Unit filename="../../lib/mw/HelperIO.cpp" />
		<Unit filename="../../lib/mw/HelperIO.hpp" />
		<Unit filename="../../lib/mw/MW_Constants.hpp" />
		<Unit filename="../../lib/mw/ReturnCodes.hpp" />
		<Unit filename="../../lib/mw/records/BasicRecord.cpp" />
		<Unit filename="../../lib/mw/records/BasicRecord.hpp" />
		<Unit filename="../../lib/mw/records/CellRecord.cpp" />
		<Unit filename="../../lib/mw/records/CellRecord.hpp" />
		<Unit filename="../../lib/mw/records/ReferencedObject.cpp" />
		<Unit filename="../../lib/mw/records/ReferencedObject.hpp" />
		<Unit filename="../../lib/mw/records/TES3Record.cpp" />
		<Unit filename="../../lib/mw/records/TES3Record.hpp" />
		<Unit filename="ESMReaderCells.cpp" />
		<Unit filename="ESMReaderCells.hpp" />
		<Unit filename="main.cpp" />
		<Extensions>
			<lib_finder disable_auto="1" />
		</Extensions>
	</Project>
</CodeBlocks_project_file>
