<?xml version="1.0" encoding="UTF-8" standalone="yes" ?>
<CodeBlocks_project_file>
	<FileVersion major="1" minor="6" />
	<Project>
		<Option title="cell_translator" />
		<Option pch_mode="2" />
		<Option compiler="gcc" />
		<Build>
			<Target title="Release">
				<Option output="bin/Release/cell_translator" prefix_auto="1" extension_auto="1" />
				<Option object_output="obj/Release/" />
				<Option type="1" />
				<Option compiler="gcc" />
				<Compiler>
					<Add option="-O2" />
				</Compiler>
				<Linker>
					<Add option="-s" />
				</Linker>
			</Target>
		</Build>
		<Compiler>
			<Add option="-Wshadow" />
			<Add option="-Weffc++" />
			<Add option="-pedantic-errors" />
			<Add option="-pedantic" />
			<Add option="-Wextra" />
			<Add option="-Wall" />
			<Add option="-std=c++17" />
			<Add option="-fexceptions" />
		</Compiler>
		<Unit filename="../../lib/base/ByteBuffer.cpp" />
		<Unit filename="../../lib/base/ByteBuffer.hpp" />
		<Unit filename="../../lib/base/ComparisonFunctor.hpp" />
		<Unit filename="../../lib/base/DirectoryFunctions.cpp" />
		<Unit filename="../../lib/base/DirectoryFunctions.hpp" />
		<Unit filename="../../lib/base/FileFunctions.cpp" />
		<Unit filename="../../lib/base/FileFunctions.hpp" />
		<Unit filename="../../lib/base/RegistryFunctions.cpp" />
		<Unit filename="../../lib/base/RegistryFunctions.hpp" />
		<Unit filename="../../lib/base/UtilityFunctions.cpp" />
		<Unit filename="../../lib/base/UtilityFunctions.hpp" />
		<Unit filename="../../lib/mw/Activators.hpp" />
		<Unit filename="../../lib/mw/Containers.hpp" />
		<Unit filename="../../lib/mw/Creatures.hpp" />
		<Unit filename="../../lib/mw/DepFiles.cpp" />
		<Unit filename="../../lib/mw/DepFiles.hpp" />
		<Unit filename="../../lib/mw/ESMReader.cpp" />
		<Unit filename="../../lib/mw/ESMReader.hpp" />
		<Unit filename="../../lib/mw/ESMReaderGeneric.cpp" />
		<Unit filename="../../lib/mw/ESMReaderGeneric.hpp" />
		<Unit filename="../../lib/mw/ESMReaderScriptCompiler.cpp" />
		<Unit filename="../../lib/mw/ESMReaderScriptCompiler.hpp" />
		<Unit filename="../../lib/mw/ESMWriter.cpp" />
		<Unit filename="../../lib/mw/ESMWriter.hpp" />
		<Unit filename="../../lib/mw/ESMWriterGeneric.cpp" />
		<Unit filename="../../lib/mw/ESMWriterGeneric.hpp" />
		<Unit filename="../../lib/mw/Globals.hpp" />
		<Unit filename="../../lib/mw/HelperIO.cpp" />
		<Unit filename="../../lib/mw/HelperIO.hpp" />
		<Unit filename="../../lib/mw/MW_Constants.hpp" />
		<Unit filename="../../lib/mw/MagicEffects.cpp" />
		<Unit filename="../../lib/mw/MagicEffects.hpp" />
		<Unit filename="../../lib/mw/MapBasedRecordManager.hpp" />
		<Unit filename="../../lib/mw/NPCs.hpp" />
		<Unit filename="../../lib/mw/RegistryFunctions.hpp" />
		<Unit filename="../../lib/mw/ReturnCodes.hpp" />
		<Unit filename="../../lib/mw/Scripts.hpp" />
		<Unit filename="../../lib/mw/SetBasedRecordManager.hpp" />
		<Unit filename="../../lib/mw/Statics.hpp" />
		<Unit filename="../../lib/mw/records/AIData.cpp" />
		<Unit filename="../../lib/mw/records/AIData.hpp" />
		<Unit filename="../../lib/mw/records/AIPackages.cpp" />
		<Unit filename="../../lib/mw/records/AIPackages.hpp" />
		<Unit filename="../../lib/mw/records/ActivatorRecord.cpp" />
		<Unit filename="../../lib/mw/records/ActivatorRecord.hpp" />
		<Unit filename="../../lib/mw/records/BasicRecord.cpp" />
		<Unit filename="../../lib/mw/records/BasicRecord.hpp" />
		<Unit filename="../../lib/mw/records/CellRecord.cpp" />
		<Unit filename="../../lib/mw/records/CellRecord.hpp" />
		<Unit filename="../../lib/mw/records/ContainerRecord.cpp" />
		<Unit filename="../../lib/mw/records/ContainerRecord.hpp" />
		<Unit filename="../../lib/mw/records/CreatureRecord.cpp" />
		<Unit filename="../../lib/mw/records/CreatureRecord.hpp" />
		<Unit filename="../../lib/mw/records/DialogueInfoRecord.cpp" />
		<Unit filename="../../lib/mw/records/DialogueInfoRecord.hpp" />
		<Unit filename="../../lib/mw/records/GenericRecord.cpp" />
		<Unit filename="../../lib/mw/records/GenericRecord.hpp" />
		<Unit filename="../../lib/mw/records/GlobalRecord.cpp" />
		<Unit filename="../../lib/mw/records/GlobalRecord.hpp" />
		<Unit filename="../../lib/mw/records/ItemRecord.cpp" />
		<Unit filename="../../lib/mw/records/ItemRecord.hpp" />
		<Unit filename="../../lib/mw/records/MagicEffectRecord.cpp" />
		<Unit filename="../../lib/mw/records/MagicEffectRecord.hpp" />
		<Unit filename="../../lib/mw/records/NPCRecord.cpp" />
		<Unit filename="../../lib/mw/records/NPCRecord.hpp" />
		<Unit filename="../../lib/mw/records/PathGridRecord.cpp" />
		<Unit filename="../../lib/mw/records/PathGridRecord.hpp" />
		<Unit filename="../../lib/mw/records/PreNPCRecord.cpp" />
		<Unit filename="../../lib/mw/records/PreNPCRecord.hpp" />
		<Unit filename="../../lib/mw/records/ReferencedObject.cpp" />
		<Unit filename="../../lib/mw/records/ReferencedObject.hpp" />
		<Unit filename="../../lib/mw/records/ScriptRecord.cpp" />
		<Unit filename="../../lib/mw/records/ScriptRecord.hpp" />
		<Unit filename="../../lib/mw/records/StaticRecord.cpp" />
		<Unit filename="../../lib/mw/records/StaticRecord.hpp" />
		<Unit filename="../../lib/mw/records/TES3Record.cpp" />
		<Unit filename="../../lib/mw/records/TES3Record.hpp" />
		<Unit filename="../../lib/mw/records/TravelDestination.cpp" />
		<Unit filename="../../lib/mw/records/TravelDestination.hpp" />
		<Unit filename="../../lib/mw/script_compiler/CompiledChunk.cpp" />
		<Unit filename="../../lib/mw/script_compiler/CompiledChunk.hpp" />
		<Unit filename="../../lib/mw/script_compiler/CompilerCodes.hpp" />
		<Unit filename="../../lib/mw/script_compiler/ParserNode.cpp" />
		<Unit filename="../../lib/mw/script_compiler/ParserNode.hpp" />
		<Unit filename="../../lib/mw/script_compiler/ScriptCompiler.cpp" />
		<Unit filename="../../lib/mw/script_compiler/ScriptCompiler.hpp" />
		<Unit filename="ESMReaderTranslator.cpp" />
		<Unit filename="ESMReaderTranslator.hpp" />
		<Unit filename="TranslateRecords.cpp" />
		<Unit filename="TranslateRecords.hpp" />
		<Unit filename="TranslatorXML.cpp" />
		<Unit filename="TranslatorXML.hpp" />
		<Unit filename="XMLParser.cpp" />
		<Unit filename="XMLParser.hpp" />
		<Unit filename="main.cpp" />
		<Extensions />
	</Project>
</CodeBlocks_project_file>
