<?xml version="1.0" encoding="UTF-8" standalone="yes" ?>
<CodeBlocks_project_file>
	<FileVersion major="1" minor="6" />
	<Project>
		<Option title="lib-sr-tests" />
		<Option pch_mode="2" />
		<Option compiler="gcc" />
		<Build>
			<Target title="Release">
				<Option output="bin/Release/lib-sr-tests" prefix_auto="1" extension_auto="1" />
				<Option object_output="obj/Release/" />
				<Option type="1" />
				<Option compiler="gcc" />
				<Compiler>
					<Add option="-O2" />
				</Compiler>
				<Linker>
					<Add option="-s" />
				</Linker>
			</Target>
		</Build>
		<Compiler>
			<Add option="-Wshadow" />
			<Add option="-Wunreachable-code" />
			<Add option="-Weffc++" />
			<Add option="-Wzero-as-null-pointer-constant" />
			<Add option="-pedantic-errors" />
			<Add option="-pedantic" />
			<Add option="-Wextra" />
			<Add option="-Wall" />
			<Add option="-std=c++17" />
			<Add option="-fexceptions" />
		</Compiler>
		<Linker>
			<Add library="z" />
			<Add library="lz4" />
		</Linker>
		<Unit filename="../../../apps/sr/bsa_cli/commands/ArgumentParsingUtilities.cpp" />
		<Unit filename="../../../apps/sr/bsa_cli/commands/ArgumentParsingUtilities.hpp" />
		<Unit filename="../../../apps/sr/bsa_cli/commands/CheckHashes.cpp" />
		<Unit filename="../../../apps/sr/bsa_cli/commands/CheckHashes.hpp" />
		<Unit filename="../../../apps/sr/bsa_cli/commands/Command.hpp" />
		<Unit filename="../../../apps/sr/bsa_cli/commands/CommandFactory.cpp" />
		<Unit filename="../../../apps/sr/bsa_cli/commands/CommandFactory.hpp" />
		<Unit filename="../../../apps/sr/bsa_cli/commands/Commands.cpp" />
		<Unit filename="../../../apps/sr/bsa_cli/commands/Commands.hpp" />
		<Unit filename="../../../apps/sr/bsa_cli/commands/Directories.cpp" />
		<Unit filename="../../../apps/sr/bsa_cli/commands/Directories.hpp" />
		<Unit filename="../../../apps/sr/bsa_cli/commands/DirectoryMetadata.cpp" />
		<Unit filename="../../../apps/sr/bsa_cli/commands/DirectoryMetadata.hpp" />
		<Unit filename="../../../apps/sr/bsa_cli/commands/ExtractAll.cpp" />
		<Unit filename="../../../apps/sr/bsa_cli/commands/ExtractAll.hpp" />
		<Unit filename="../../../apps/sr/bsa_cli/commands/ExtractDirectory.cpp" />
		<Unit filename="../../../apps/sr/bsa_cli/commands/ExtractDirectory.hpp" />
		<Unit filename="../../../apps/sr/bsa_cli/commands/ExtractFile.cpp" />
		<Unit filename="../../../apps/sr/bsa_cli/commands/ExtractFile.hpp" />
		<Unit filename="../../../apps/sr/bsa_cli/commands/FileMetadata.cpp" />
		<Unit filename="../../../apps/sr/bsa_cli/commands/FileMetadata.hpp" />
		<Unit filename="../../../apps/sr/bsa_cli/commands/Help.cpp" />
		<Unit filename="../../../apps/sr/bsa_cli/commands/Help.hpp" />
		<Unit filename="../../../apps/sr/bsa_cli/commands/Info.cpp" />
		<Unit filename="../../../apps/sr/bsa_cli/commands/Info.hpp" />
		<Unit filename="../../../apps/sr/bsa_cli/commands/List.cpp" />
		<Unit filename="../../../apps/sr/bsa_cli/commands/List.hpp" />
		<Unit filename="../../../apps/sr/bsa_cli/commands/Operations.cpp" />
		<Unit filename="../../../apps/sr/bsa_cli/commands/Operations.hpp" />
		<Unit filename="../../../lib/base/BufferStream.hpp" />
		<Unit filename="../../../lib/base/ByteBuffer.cpp" />
		<Unit filename="../../../lib/base/ByteBuffer.hpp" />
		<Unit filename="../../../lib/base/ComparisonFunctor.hpp" />
		<Unit filename="../../../lib/base/CompressionFunctions.cpp" />
		<Unit filename="../../../lib/base/CompressionFunctions.hpp" />
		<Unit filename="../../../lib/base/DirectoryFunctions.cpp" />
		<Unit filename="../../../lib/base/DirectoryFunctions.hpp" />
		<Unit filename="../../../lib/base/FileFunctions.cpp" />
		<Unit filename="../../../lib/base/FileFunctions.hpp" />
		<Unit filename="../../../lib/base/FileGuard.hpp" />
		<Unit filename="../../../lib/base/RandomFunctions.cpp" />
		<Unit filename="../../../lib/base/RandomFunctions.hpp" />
		<Unit filename="../../../lib/base/RegistryFunctions.cpp" />
		<Unit filename="../../../lib/base/RegistryFunctions.hpp" />
		<Unit filename="../../../lib/base/SlashFunctions.cpp" />
		<Unit filename="../../../lib/base/SlashFunctions.hpp" />
		<Unit filename="../../../lib/base/UtilityFunctions.cpp" />
		<Unit filename="../../../lib/base/UtilityFunctions.hpp" />
		<Unit filename="../../../lib/base/lz4Compression.cpp" />
		<Unit filename="../../../lib/base/lz4Compression.hpp" />
		<Unit filename="../../../lib/mw/HelperIO.cpp" />
		<Unit filename="../../../lib/mw/HelperIO.hpp" />
		<Unit filename="../../../lib/sr/DependencySolver.cpp" />
		<Unit filename="../../../lib/sr/DependencySolver.hpp" />
		<Unit filename="../../../lib/sr/ESMFileContents.cpp" />
		<Unit filename="../../../lib/sr/ESMFileContents.hpp" />
		<Unit filename="../../../lib/sr/ESMReader.cpp" />
		<Unit filename="../../../lib/sr/ESMReader.hpp" />
		<Unit filename="../../../lib/sr/ESMReaderReIndex.cpp" />
		<Unit filename="../../../lib/sr/ESMReaderReIndex.hpp" />
		<Unit filename="../../../lib/sr/ESMReaderSingleType.hpp" />
		<Unit filename="../../../lib/sr/Factions.hpp" />
		<Unit filename="../../../lib/sr/FormIDFunctions.cpp" />
		<Unit filename="../../../lib/sr/FormIDFunctions.hpp" />
		<Unit filename="../../../lib/sr/Group.cpp" />
		<Unit filename="../../../lib/sr/Group.hpp" />
		<Unit filename="../../../lib/sr/Localization.cpp" />
		<Unit filename="../../../lib/sr/Localization.hpp" />
		<Unit filename="../../../lib/sr/MapBasedRecordManager.hpp" />
		<Unit filename="../../../lib/sr/SR_Constants.hpp" />
		<Unit filename="../../../lib/sr/StringTable.cpp" />
		<Unit filename="../../../lib/sr/StringTable.hpp" />
		<Unit filename="../../../lib/sr/TableUtilities.cpp" />
		<Unit filename="../../../lib/sr/TableUtilities.hpp" />
		<Unit filename="../../../lib/sr/bsa/BSA.cpp" />
		<Unit filename="../../../lib/sr/bsa/BSA.hpp" />
		<Unit filename="../../../lib/sr/bsa/BSADirectoryBlock.cpp" />
		<Unit filename="../../../lib/sr/bsa/BSADirectoryBlock.hpp" />
		<Unit filename="../../../lib/sr/bsa/BSADirectoryRecord.cpp" />
		<Unit filename="../../../lib/sr/bsa/BSADirectoryRecord.hpp" />
		<Unit filename="../../../lib/sr/bsa/BSAFileRecord.cpp" />
		<Unit filename="../../../lib/sr/bsa/BSAFileRecord.hpp" />
		<Unit filename="../../../lib/sr/bsa/BSAHash.cpp" />
		<Unit filename="../../../lib/sr/bsa/BSAHash.hpp" />
		<Unit filename="../../../lib/sr/bsa/BSAHeader.cpp" />
		<Unit filename="../../../lib/sr/bsa/BSAHeader.hpp" />
		<Unit filename="../../../lib/sr/records/AcousticSpaceRecord.cpp" />
		<Unit filename="../../../lib/sr/records/AcousticSpaceRecord.hpp" />
		<Unit filename="../../../lib/sr/records/ActionRecord.cpp" />
		<Unit filename="../../../lib/sr/records/ActionRecord.hpp" />
		<Unit filename="../../../lib/sr/records/ActivatorRecord.cpp" />
		<Unit filename="../../../lib/sr/records/ActivatorRecord.hpp" />
		<Unit filename="../../../lib/sr/records/AddOnNodeRecord.cpp" />
		<Unit filename="../../../lib/sr/records/AddOnNodeRecord.hpp" />
		<Unit filename="../../../lib/sr/records/AlchemyPotionRecord.cpp" />
		<Unit filename="../../../lib/sr/records/AlchemyPotionRecord.hpp" />
		<Unit filename="../../../lib/sr/records/AmmunitionRecord.cpp" />
		<Unit filename="../../../lib/sr/records/AmmunitionRecord.hpp" />
		<Unit filename="../../../lib/sr/records/AnimatedObjectRecord.cpp" />
		<Unit filename="../../../lib/sr/records/AnimatedObjectRecord.hpp" />
		<Unit filename="../../../lib/sr/records/ApparatusRecord.cpp" />
		<Unit filename="../../../lib/sr/records/ApparatusRecord.hpp" />
		<Unit filename="../../../lib/sr/records/ArmourRecord.cpp" />
		<Unit filename="../../../lib/sr/records/ArmourRecord.hpp" />
		<Unit filename="../../../lib/sr/records/BasicRecord.cpp" />
		<Unit filename="../../../lib/sr/records/BasicRecord.hpp" />
		<Unit filename="../../../lib/sr/records/BinarySubRecord.cpp" />
		<Unit filename="../../../lib/sr/records/BinarySubRecord.hpp" />
		<Unit filename="../../../lib/sr/records/BinarySubRecordExtended.cpp" />
		<Unit filename="../../../lib/sr/records/BinarySubRecordExtended.hpp" />
		<Unit filename="../../../lib/sr/records/BookRecord.cpp" />
		<Unit filename="../../../lib/sr/records/BookRecord.hpp" />
		<Unit filename="../../../lib/sr/records/CTDAData.cpp" />
		<Unit filename="../../../lib/sr/records/CTDAData.hpp" />
		<Unit filename="../../../lib/sr/records/CameraShotRecord.cpp" />
		<Unit filename="../../../lib/sr/records/CameraShotRecord.hpp" />
		<Unit filename="../../../lib/sr/records/CellRecord.cpp" />
		<Unit filename="../../../lib/sr/records/CellRecord.hpp" />
		<Unit filename="../../../lib/sr/records/ComponentData.cpp" />
		<Unit filename="../../../lib/sr/records/ComponentData.hpp" />
		<Unit filename="../../../lib/sr/records/ContainerRecord.cpp" />
		<Unit filename="../../../lib/sr/records/ContainerRecord.hpp" />
		<Unit filename="../../../lib/sr/records/DestructionData.cpp" />
		<Unit filename="../../../lib/sr/records/DestructionData.hpp" />
		<Unit filename="../../../lib/sr/records/EffectBlock.cpp" />
		<Unit filename="../../../lib/sr/records/EffectBlock.hpp" />
		<Unit filename="../../../lib/sr/records/FactionRecord.cpp" />
		<Unit filename="../../../lib/sr/records/FactionRecord.hpp" />
		<Unit filename="../../../lib/sr/records/FloraRecord.cpp" />
		<Unit filename="../../../lib/sr/records/FloraRecord.hpp" />
		<Unit filename="../../../lib/sr/records/FormListRecord.cpp" />
		<Unit filename="../../../lib/sr/records/FormListRecord.hpp" />
		<Unit filename="../../../lib/sr/records/FurnitureRecord.cpp" />
		<Unit filename="../../../lib/sr/records/FurnitureRecord.hpp" />
		<Unit filename="../../../lib/sr/records/GenericRecord.cpp" />
		<Unit filename="../../../lib/sr/records/GenericRecord.hpp" />
		<Unit filename="../../../lib/sr/records/GroupData.cpp" />
		<Unit filename="../../../lib/sr/records/GroupData.hpp" />
		<Unit filename="../../../lib/sr/records/IngredientRecord.cpp" />
		<Unit filename="../../../lib/sr/records/IngredientRecord.hpp" />
		<Unit filename="../../../lib/sr/records/KeyRecord.cpp" />
		<Unit filename="../../../lib/sr/records/KeyRecord.hpp" />
		<Unit filename="../../../lib/sr/records/KeywordRecord.cpp" />
		<Unit filename="../../../lib/sr/records/KeywordRecord.hpp" />
		<Unit filename="../../../lib/sr/records/LocalizedString.cpp" />
		<Unit filename="../../../lib/sr/records/LocalizedString.hpp" />
		<Unit filename="../../../lib/sr/records/MiscObjectRecord.cpp" />
		<Unit filename="../../../lib/sr/records/MiscObjectRecord.hpp" />
		<Unit filename="../../../lib/sr/records/NAVIRecord.cpp" />
		<Unit filename="../../../lib/sr/records/NAVIRecord.hpp" />
		<Unit filename="../../../lib/sr/records/NPCRecord.cpp" />
		<Unit filename="../../../lib/sr/records/NPCRecord.hpp" />
		<Unit filename="../../../lib/sr/records/PerkRecord.cpp" />
		<Unit filename="../../../lib/sr/records/PerkRecord.hpp" />
		<Unit filename="../../../lib/sr/records/QuestRecord.cpp" />
		<Unit filename="../../../lib/sr/records/QuestRecord.hpp" />
		<Unit filename="../../../lib/sr/records/RaceRecord.cpp" />
		<Unit filename="../../../lib/sr/records/RaceRecord.hpp" />
		<Unit filename="../../../lib/sr/records/ScrollRecord.cpp" />
		<Unit filename="../../../lib/sr/records/ScrollRecord.hpp" />
		<Unit filename="../../../lib/sr/records/ShoutRecord.cpp" />
		<Unit filename="../../../lib/sr/records/ShoutRecord.hpp" />
		<Unit filename="../../../lib/sr/records/SimplifiedReferenceRecord.cpp" />
		<Unit filename="../../../lib/sr/records/SimplifiedReferenceRecord.hpp" />
		<Unit filename="../../../lib/sr/records/SoulGemRecord.cpp" />
		<Unit filename="../../../lib/sr/records/SoulGemRecord.hpp" />
		<Unit filename="../../../lib/sr/records/SpellItem.cpp" />
		<Unit filename="../../../lib/sr/records/SpellItem.hpp" />
		<Unit filename="../../../lib/sr/records/SpellRecord.cpp" />
		<Unit filename="../../../lib/sr/records/SpellRecord.hpp" />
		<Unit filename="../../../lib/sr/records/SubBlock.hpp" />
		<Unit filename="../../../lib/sr/records/TES4HeaderRecord.cpp" />
		<Unit filename="../../../lib/sr/records/TES4HeaderRecord.hpp" />
		<Unit filename="../../../lib/sr/records/TalkingActivatorRecord.cpp" />
		<Unit filename="../../../lib/sr/records/TalkingActivatorRecord.hpp" />
		<Unit filename="../../../lib/sr/records/TextureSetRecord.cpp" />
		<Unit filename="../../../lib/sr/records/TextureSetRecord.hpp" />
		<Unit filename="../../../lib/sr/records/TreeRecord.cpp" />
		<Unit filename="../../../lib/sr/records/TreeRecord.hpp" />
		<Unit filename="../../../lib/sr/records/WeaponRecord.cpp" />
		<Unit filename="../../../lib/sr/records/WeaponRecord.hpp" />
		<Unit filename="../../../lib/sr/records/WordOfPowerRecord.cpp" />
		<Unit filename="../../../lib/sr/records/WordOfPowerRecord.hpp" />
		<Unit filename="../../../lib/sr/records/WorldSpaceRecord.cpp" />
		<Unit filename="../../../lib/sr/records/WorldSpaceRecord.hpp" />
		<Unit filename="../../../lib/sr/records/quest/AliasEntry.cpp" />
		<Unit filename="../../../lib/sr/records/quest/AliasEntry.hpp" />
		<Unit filename="../../../lib/sr/records/quest/IndexEntry.cpp" />
		<Unit filename="../../../lib/sr/records/quest/IndexEntry.hpp" />
		<Unit filename="../../../lib/sr/records/quest/QOBJEntry.cpp" />
		<Unit filename="../../../lib/sr/records/quest/QOBJEntry.hpp" />
		<Unit filename="../../../lib/sr/records/quest/QSDTRecord.cpp" />
		<Unit filename="../../../lib/sr/records/quest/QSDTRecord.hpp" />
		<Unit filename="../../../lib/sr/records/quest/QSTAEntry.cpp" />
		<Unit filename="../../../lib/sr/records/quest/QSTAEntry.hpp" />
		<Unit filename="../locate_catch.hpp" />
		<Unit filename="DependencyElement.cpp" />
		<Unit filename="ESMFileContents.cpp" />
		<Unit filename="ESMReader.cpp" />
		<Unit filename="ESMReaderReIndexMod.cpp" />
		<Unit filename="FormIDFunctions.cpp" />
		<Unit filename="Localization.cpp" />
		<Unit filename="MapBasedRecordManager.cpp" />
		<Unit filename="StringTable.cpp" />
		<Unit filename="TableUtilities.cpp" />
		<Unit filename="TestFactionsReader.cpp" />
		<Unit filename="TestFactionsReader.hpp" />
		<Unit filename="TestReaderReIndexMod.cpp" />
		<Unit filename="TestReaderReIndexMod.hpp" />
		<Unit filename="bsa/BSA.cpp" />
		<Unit filename="bsa/BSADirectoryBlock.cpp" />
		<Unit filename="bsa/BSADirectoryRecord.cpp" />
		<Unit filename="bsa/BSAFileRecord.cpp" />
		<Unit filename="bsa/BSAHash.cpp" />
		<Unit filename="bsa/BSAHeader.cpp" />
		<Unit filename="bsa_cli/commands/ArgumentParsingUtilities.cpp" />
		<Unit filename="bsa_cli/commands/CheckHashes.cpp" />
		<Unit filename="bsa_cli/commands/CommandFactory.cpp" />
		<Unit filename="bsa_cli/commands/Commands.cpp" />
		<Unit filename="bsa_cli/commands/Directories.cpp" />
		<Unit filename="bsa_cli/commands/DirectoryMetadata.cpp" />
		<Unit filename="bsa_cli/commands/ExtractAll.cpp" />
		<Unit filename="bsa_cli/commands/ExtractDirectory.cpp" />
		<Unit filename="bsa_cli/commands/ExtractFile.cpp" />
		<Unit filename="bsa_cli/commands/FileMetadata.cpp" />
		<Unit filename="bsa_cli/commands/Help.cpp" />
		<Unit filename="bsa_cli/commands/Info.cpp" />
		<Unit filename="bsa_cli/commands/List.cpp" />
		<Unit filename="bsa_cli/commands/Operations.cpp" />
		<Unit filename="main.cpp" />
		<Unit filename="records/AcousticSpaceRecord.cpp" />
		<Unit filename="records/ActionRecord.cpp" />
		<Unit filename="records/ActivatorRecord.cpp" />
		<Unit filename="records/AddOnNodeRecord.cpp" />
		<Unit filename="records/AlchemyPotionRecord.cpp" />
		<Unit filename="records/AmmunitionRecord.cpp" />
		<Unit filename="records/AnimatedObjectRecord.cpp" />
		<Unit filename="records/ApparatusRecord.cpp" />
		<Unit filename="records/ArmourRecord.cpp" />
		<Unit filename="records/BasicRecord.cpp" />
		<Unit filename="records/BinarySubRecord.cpp" />
		<Unit filename="records/BinarySubRecordExtended.cpp" />
		<Unit filename="records/BookRecord.cpp" />
		<Unit filename="records/CTDAData.cpp" />
		<Unit filename="records/CTDA_CISx_compound.cpp" />
		<Unit filename="records/CameraShotRecord.cpp" />
		<Unit filename="records/CellRecord.cpp" />
		<Unit filename="records/CellRecord_SubrecordXCLC.cpp" />
		<Unit filename="records/ComponentData.cpp" />
		<Unit filename="records/ContainerRecord.cpp" />
		<Unit filename="records/DestructionData.cpp" />
		<Unit filename="records/DestructionStage.cpp" />
		<Unit filename="records/EffectBlock.cpp" />
		<Unit filename="records/FactionRecord.cpp" />
		<Unit filename="records/FactionRecord_InterfactionRelation.cpp" />
		<Unit filename="records/FactionRecord_RankData.cpp" />
		<Unit filename="records/FactionRecord_VendorData.cpp" />
		<Unit filename="records/FloraRecord.cpp" />
		<Unit filename="records/FormListRecord.cpp" />
		<Unit filename="records/FurnitureRecord.cpp" />
		<Unit filename="records/GenericRecord.cpp" />
		<Unit filename="records/GroupData.cpp" />
		<Unit filename="records/IngredientRecord.cpp" />
		<Unit filename="records/KeyRecord.cpp" />
		<Unit filename="records/KeywordRecord.cpp" />
		<Unit filename="records/LocalizedString.cpp" />
		<Unit filename="records/MiscObjectRecord.cpp" />
		<Unit filename="records/NAVIRecord.cpp" />
		<Unit filename="records/NPCRecord.cpp" />
		<Unit filename="records/NPCRecord_CSDXstruct.cpp" />
		<Unit filename="records/NPCRecord_FactionElem.cpp" />
		<Unit filename="records/NPCRecord_PerkElem.cpp" />
		<Unit filename="records/NPCRecord_TINXstructure.cpp" />
		<Unit filename="records/PerkRecord.cpp" />
		<Unit filename="records/QuestRecord.cpp" />
		<Unit filename="records/RaceRecord.cpp" />
		<Unit filename="records/RaceRecord_RaceData.cpp" />
		<Unit filename="records/ScrollRecord.cpp" />
		<Unit filename="records/ShoutRecord.cpp" />
		<Unit filename="records/SimplifiedReferenceRecord.cpp" />
		<Unit filename="records/SoulGemRecord.cpp" />
		<Unit filename="records/SpellItem.cpp" />
		<Unit filename="records/SpellRecord.cpp" />
		<Unit filename="records/SubBlock.cpp" />
		<Unit filename="records/TalkingActivatorRecord.cpp" />
		<Unit filename="records/Tes4HeaderRecord.cpp" />
		<Unit filename="records/Tes4HeaderRecord__MasterFile.cpp" />
		<Unit filename="records/TextureSetRecord.cpp" />
		<Unit filename="records/TreeRecord.cpp" />
		<Unit filename="records/WeaponRecord.cpp" />
		<Unit filename="records/WordOfPowerRecord.cpp" />
		<Unit filename="records/WorldSpaceRecord.cpp" />
		<Unit filename="records/WrongStringType.cpp" />
		<Unit filename="records/quest/AliasEntry.cpp" />
		<Unit filename="records/quest/IndexEntry.cpp" />
		<Unit filename="records/quest/QOBJEntry.cpp" />
		<Unit filename="records/quest/QSDTRecord.cpp" />
		<Unit filename="records/quest/QSTAEntry.cpp" />
		<Extensions>
			<lib_finder disable_auto="1" />
		</Extensions>
	</Project>
</CodeBlocks_project_file>
