<?xml version="1.0" encoding="UTF-8" standalone="yes" ?>
<CodeBlocks_project_file>
	<FileVersion major="1" minor="6" />
	<Project>
		<Option title="formID_finder" />
		<Option pch_mode="2" />
		<Option compiler="gcc" />
		<Build>
			<Target title="Debug">
				<Option output="bin/Debug/formID_finder" prefix_auto="1" extension_auto="1" />
				<Option object_output="obj/Debug/" />
				<Option type="1" />
				<Option compiler="gcc" />
				<Compiler>
					<Add option="-g" />
				</Compiler>
			</Target>
			<Target title="Release">
				<Option output="bin/Release/formID_finder" prefix_auto="1" extension_auto="1" />
				<Option object_output="obj/Release/" />
				<Option type="1" />
				<Option compiler="gcc" />
				<Compiler>
					<Add option="-O3" />
					<Add option="-DSR_UNSAVEABLE_RECORDS" />
					<Add option="-DSR_NO_SINGLETON_EQUALITY_CHECK" />
					<Add option="-DSR_NO_RECORD_EQUALITY" />
				</Compiler>
				<Linker>
					<Add option="-s" />
				</Linker>
			</Target>
		</Build>
		<Compiler>
			<Add option="-Wall" />
			<Add option="-fexceptions" />
		</Compiler>
		<Linker>
			<Add library="z" />
		</Linker>
		<Unit filename="../../base/BufferStream.h" />
		<Unit filename="../../base/CompressionFunctions.cpp" />
		<Unit filename="../../base/CompressionFunctions.h" />
		<Unit filename="../../base/FileFunctions.cpp" />
		<Unit filename="../../base/FileFunctions.h" />
		<Unit filename="../../base/RegistryFunctions.cpp" />
		<Unit filename="../../base/RegistryFunctions.h" />
		<Unit filename="../../base/UtilityFunctions.cpp" />
		<Unit filename="../../base/UtilityFunctions.h" />
		<Unit filename="../../mw/base/HelperIO.cpp" />
		<Unit filename="../../mw/base/HelperIO.h" />
		<Unit filename="../../mw/base/ReturnCodes.h" />
		<Unit filename="../base/AlchemyPotions.h" />
		<Unit filename="../base/Ammunitions.h" />
		<Unit filename="../base/Apparatuses.h" />
		<Unit filename="../base/Armours.h" />
		<Unit filename="../base/Books.h" />
		<Unit filename="../base/Cells.h" />
		<Unit filename="../base/Containers.h" />
		<Unit filename="../base/DependencySolver.cpp" />
		<Unit filename="../base/DependencySolver.h" />
		<Unit filename="../base/ESMReader.cpp" />
		<Unit filename="../base/ESMReader.h" />
		<Unit filename="../base/Factions.h" />
		<Unit filename="../base/FormIDFunctions.cpp" />
		<Unit filename="../base/FormIDFunctions.h" />
		<Unit filename="../base/Furniture.h" />
		<Unit filename="../base/Ingredients.h" />
		<Unit filename="../base/Keys.h" />
		<Unit filename="../base/MapBasedRecordManager.h" />
		<Unit filename="../base/MiscObjects.h" />
		<Unit filename="../base/NPCs.h" />
		<Unit filename="../base/PathFunctions.h" />
		<Unit filename="../base/Perks.h" />
		<Unit filename="../base/Quests.h" />
		<Unit filename="../base/RegistryFunctions.h" />
		<Unit filename="../base/ReturnCodes.h" />
		<Unit filename="../base/SR_Constants.h" />
		<Unit filename="../base/Scrolls.h" />
		<Unit filename="../base/Shouts.h" />
		<Unit filename="../base/SoulGems.h" />
		<Unit filename="../base/Spells.h" />
		<Unit filename="../base/StringTable.cpp" />
		<Unit filename="../base/StringTable.h" />
		<Unit filename="../base/TalkingActivators.h" />
		<Unit filename="../base/Weapons.h" />
		<Unit filename="../base/WordsOfPower.h" />
		<Unit filename="../base/WorldSpaces.h" />
		<Unit filename="../base/records/ActivatorRecord.cpp" />
		<Unit filename="../base/records/ActivatorRecord.h" />
		<Unit filename="../base/records/AlchemyPotionRecord.cpp" />
		<Unit filename="../base/records/AlchemyPotionRecord.h" />
		<Unit filename="../base/records/AmmunitionRecord.cpp" />
		<Unit filename="../base/records/AmmunitionRecord.h" />
		<Unit filename="../base/records/ApparatusRecord.cpp" />
		<Unit filename="../base/records/ApparatusRecord.h" />
		<Unit filename="../base/records/ArmourRecord.cpp" />
		<Unit filename="../base/records/ArmourRecord.h" />
		<Unit filename="../base/records/BasicRecord.cpp" />
		<Unit filename="../base/records/BasicRecord.h" />
		<Unit filename="../base/records/BinarySubRecord.cpp" />
		<Unit filename="../base/records/BinarySubRecord.h" />
		<Unit filename="../base/records/BinarySubRecordExtended.cpp" />
		<Unit filename="../base/records/BinarySubRecordExtended.h" />
		<Unit filename="../base/records/BookRecord.cpp" />
		<Unit filename="../base/records/BookRecord.h" />
		<Unit filename="../base/records/CTDAData.cpp" />
		<Unit filename="../base/records/CTDAData.h" />
		<Unit filename="../base/records/CellRecord.cpp" />
		<Unit filename="../base/records/CellRecord.h" />
		<Unit filename="../base/records/ComponentData.cpp" />
		<Unit filename="../base/records/ComponentData.h" />
		<Unit filename="../base/records/ContainerRecord.cpp" />
		<Unit filename="../base/records/ContainerRecord.h" />
		<Unit filename="../base/records/DestructionData.cpp" />
		<Unit filename="../base/records/DestructionData.h" />
		<Unit filename="../base/records/EffectBlock.cpp" />
		<Unit filename="../base/records/EffectBlock.h" />
		<Unit filename="../base/records/FactionRecord.cpp" />
		<Unit filename="../base/records/FactionRecord.h" />
		<Unit filename="../base/records/FloraRecord.cpp" />
		<Unit filename="../base/records/FloraRecord.h" />
		<Unit filename="../base/records/FurnitureRecord.cpp" />
		<Unit filename="../base/records/FurnitureRecord.h" />
		<Unit filename="../base/records/GroupData.cpp" />
		<Unit filename="../base/records/GroupData.h" />
		<Unit filename="../base/records/IngredientRecord.cpp" />
		<Unit filename="../base/records/IngredientRecord.h" />
		<Unit filename="../base/records/KeyRecord.cpp" />
		<Unit filename="../base/records/KeyRecord.h" />
		<Unit filename="../base/records/LocalizedString.cpp" />
		<Unit filename="../base/records/LocalizedString.h" />
		<Unit filename="../base/records/MiscObjectRecord.cpp" />
		<Unit filename="../base/records/MiscObjectRecord.h" />
		<Unit filename="../base/records/NPCRecord.cpp" />
		<Unit filename="../base/records/NPCRecord.h" />
		<Unit filename="../base/records/PerkRecord.cpp" />
		<Unit filename="../base/records/PerkRecord.h" />
		<Unit filename="../base/records/QuestRecord.cpp" />
		<Unit filename="../base/records/QuestRecord.h" />
		<Unit filename="../base/records/ScrollRecord.cpp" />
		<Unit filename="../base/records/ScrollRecord.h" />
		<Unit filename="../base/records/ShoutRecord.cpp" />
		<Unit filename="../base/records/ShoutRecord.h" />
		<Unit filename="../base/records/SimplifiedReferenceRecord.cpp" />
		<Unit filename="../base/records/SimplifiedReferenceRecord.h" />
		<Unit filename="../base/records/SoulGemRecord.cpp" />
		<Unit filename="../base/records/SoulGemRecord.h" />
		<Unit filename="../base/records/SpellRecord.cpp" />
		<Unit filename="../base/records/SpellRecord.h" />
		<Unit filename="../base/records/SubBlock.h" />
		<Unit filename="../base/records/TES4HeaderRecord.cpp" />
		<Unit filename="../base/records/TES4HeaderRecord.h" />
		<Unit filename="../base/records/TalkingActivatorRecord.cpp" />
		<Unit filename="../base/records/TalkingActivatorRecord.h" />
		<Unit filename="../base/records/TreeRecord.cpp" />
		<Unit filename="../base/records/TreeRecord.h" />
		<Unit filename="../base/records/WeaponRecord.cpp" />
		<Unit filename="../base/records/WeaponRecord.h" />
		<Unit filename="../base/records/WordOfPowerRecord.cpp" />
		<Unit filename="../base/records/WordOfPowerRecord.h" />
		<Unit filename="../base/records/WorldSpaceRecord.cpp" />
		<Unit filename="../base/records/WorldSpaceRecord.h" />
		<Unit filename="ESMReaderFinder.cpp" />
		<Unit filename="ESMReaderFinder.h" />
		<Unit filename="ESMReaderFinderReferences.cpp" />
		<Unit filename="ESMReaderFinderReferences.h" />
		<Unit filename="main.cpp" />
		<Extensions>
			<code_completion />
			<envvars />
			<debugger />
			<lib_finder disable_auto="1" />
		</Extensions>
	</Project>
</CodeBlocks_project_file>
