<?xml version="1.0" encoding="UTF-8" standalone="yes" ?>
<CodeBlocks_project_file>
	<FileVersion major="1" minor="6" />
	<Project>
		<Option title="formID_finder" />
		<Option pch_mode="2" />
		<Option compiler="gcc" />
		<Build>
			<Target title="Debug">
				<Option output="bin/Debug/formID_finder" prefix_auto="1" extension_auto="1" />
				<Option object_output="obj/Debug/" />
				<Option type="1" />
				<Option compiler="gcc" />
				<Compiler>
					<Add option="-g" />
				</Compiler>
			</Target>
			<Target title="Release">
				<Option output="bin/Release/formID_finder" prefix_auto="1" extension_auto="1" />
				<Option object_output="obj/Release/" />
				<Option type="1" />
				<Option compiler="gcc" />
				<Compiler>
					<Add option="-O3" />
					<Add option="-DSR_UNSAVEABLE_RECORDS" />
					<Add option="-DSR_NO_SINGLETON_EQUALITY_CHECK" />
					<Add option="-DSR_NO_RECORD_EQUALITY" />
				</Compiler>
				<Linker>
					<Add option="-s" />
				</Linker>
			</Target>
		</Build>
		<Compiler>
			<Add option="-Wall" />
			<Add option="-std=c++17" />
			<Add option="-fexceptions" />
		</Compiler>
		<Linker>
			<Add library="z" />
			<Add library="lz4" />
		</Linker>
		<Unit filename="../../base/BufferStream.hpp" />
		<Unit filename="../../base/CompressionFunctions.cpp" />
		<Unit filename="../../base/CompressionFunctions.hpp" />
		<Unit filename="../../base/DirectoryFunctions.cpp" />
		<Unit filename="../../base/DirectoryFunctions.hpp" />
		<Unit filename="../../base/FileFunctions.cpp" />
		<Unit filename="../../base/FileFunctions.hpp" />
		<Unit filename="../../base/RegistryFunctions.cpp" />
		<Unit filename="../../base/RegistryFunctions.hpp" />
		<Unit filename="../../base/SlashFunctions.cpp" />
		<Unit filename="../../base/SlashFunctions.hpp" />
		<Unit filename="../../base/UtilityFunctions.cpp" />
		<Unit filename="../../base/UtilityFunctions.hpp" />
		<Unit filename="../../base/lz4Compression.cpp" />
		<Unit filename="../../base/lz4Compression.hpp" />
		<Unit filename="../../mw/base/HelperIO.cpp" />
		<Unit filename="../../mw/base/HelperIO.hpp" />
		<Unit filename="../../mw/base/ReturnCodes.hpp" />
		<Unit filename="../base/AlchemyPotions.hpp" />
		<Unit filename="../base/Ammunitions.hpp" />
		<Unit filename="../base/Apparatuses.hpp" />
		<Unit filename="../base/Armours.hpp" />
		<Unit filename="../base/Books.hpp" />
		<Unit filename="../base/Cells.hpp" />
		<Unit filename="../base/Containers.hpp" />
		<Unit filename="../base/DependencySolver.cpp" />
		<Unit filename="../base/DependencySolver.hpp" />
		<Unit filename="../base/ESMReader.cpp" />
		<Unit filename="../base/ESMReader.hpp" />
		<Unit filename="../base/ESMReaderReIndex.cpp" />
		<Unit filename="../base/ESMReaderReIndex.hpp" />
		<Unit filename="../base/Edition.hpp" />
		<Unit filename="../base/Factions.hpp" />
		<Unit filename="../base/FormIDFunctions.cpp" />
		<Unit filename="../base/FormIDFunctions.hpp" />
		<Unit filename="../base/Furniture.hpp" />
		<Unit filename="../base/Ingredients.hpp" />
		<Unit filename="../base/Keys.hpp" />
		<Unit filename="../base/MapBasedRecordManager.hpp" />
		<Unit filename="../base/MiscObjects.hpp" />
		<Unit filename="../base/NPCs.hpp" />
		<Unit filename="../base/PathFunctions.hpp" />
		<Unit filename="../base/Perks.hpp" />
		<Unit filename="../base/Quests.hpp" />
		<Unit filename="../base/RegistryFunctions.hpp" />
		<Unit filename="../base/ReturnCodes.hpp" />
		<Unit filename="../base/SR_Constants.hpp" />
		<Unit filename="../base/Scrolls.hpp" />
		<Unit filename="../base/Shouts.hpp" />
		<Unit filename="../base/SoulGems.hpp" />
		<Unit filename="../base/Spells.hpp" />
		<Unit filename="../base/StringTable.cpp" />
		<Unit filename="../base/StringTable.hpp" />
		<Unit filename="../base/TableUtilities.cpp" />
		<Unit filename="../base/TableUtilities.hpp" />
		<Unit filename="../base/TalkingActivators.hpp" />
		<Unit filename="../base/Weapons.hpp" />
		<Unit filename="../base/WordsOfPower.hpp" />
		<Unit filename="../base/WorldSpaces.hpp" />
		<Unit filename="../base/bsa/BSA.cpp" />
		<Unit filename="../base/bsa/BSA.hpp" />
		<Unit filename="../base/bsa/BSAFileRecord.cpp" />
		<Unit filename="../base/bsa/BSAFileRecord.hpp" />
		<Unit filename="../base/bsa/BSAFolderBlock.cpp" />
		<Unit filename="../base/bsa/BSAFolderBlock.hpp" />
		<Unit filename="../base/bsa/BSAFolderRecord.cpp" />
		<Unit filename="../base/bsa/BSAFolderRecord.hpp" />
		<Unit filename="../base/bsa/BSAHash.hpp" />
		<Unit filename="../base/bsa/BSAHeader.cpp" />
		<Unit filename="../base/bsa/BSAHeader.hpp" />
		<Unit filename="../base/records/ActivatorRecord.cpp" />
		<Unit filename="../base/records/ActivatorRecord.hpp" />
		<Unit filename="../base/records/AlchemyPotionRecord.cpp" />
		<Unit filename="../base/records/AlchemyPotionRecord.hpp" />
		<Unit filename="../base/records/AmmunitionRecord.cpp" />
		<Unit filename="../base/records/AmmunitionRecord.hpp" />
		<Unit filename="../base/records/ApparatusRecord.cpp" />
		<Unit filename="../base/records/ApparatusRecord.hpp" />
		<Unit filename="../base/records/ArmourRecord.cpp" />
		<Unit filename="../base/records/ArmourRecord.hpp" />
		<Unit filename="../base/records/BasicRecord.cpp" />
		<Unit filename="../base/records/BasicRecord.hpp" />
		<Unit filename="../base/records/BinarySubRecord.cpp" />
		<Unit filename="../base/records/BinarySubRecord.hpp" />
		<Unit filename="../base/records/BinarySubRecordExtended.cpp" />
		<Unit filename="../base/records/BinarySubRecordExtended.hpp" />
		<Unit filename="../base/records/BookRecord.cpp" />
		<Unit filename="../base/records/BookRecord.hpp" />
		<Unit filename="../base/records/CTDAData.cpp" />
		<Unit filename="../base/records/CTDAData.hpp" />
		<Unit filename="../base/records/CellRecord.cpp" />
		<Unit filename="../base/records/CellRecord.hpp" />
		<Unit filename="../base/records/ComponentData.cpp" />
		<Unit filename="../base/records/ComponentData.hpp" />
		<Unit filename="../base/records/ContainerRecord.cpp" />
		<Unit filename="../base/records/ContainerRecord.hpp" />
		<Unit filename="../base/records/DestructionData.cpp" />
		<Unit filename="../base/records/DestructionData.hpp" />
		<Unit filename="../base/records/EffectBlock.cpp" />
		<Unit filename="../base/records/EffectBlock.hpp" />
		<Unit filename="../base/records/FactionRecord.cpp" />
		<Unit filename="../base/records/FactionRecord.hpp" />
		<Unit filename="../base/records/FloraRecord.cpp" />
		<Unit filename="../base/records/FloraRecord.hpp" />
		<Unit filename="../base/records/FurnitureRecord.cpp" />
		<Unit filename="../base/records/FurnitureRecord.hpp" />
		<Unit filename="../base/records/GroupData.cpp" />
		<Unit filename="../base/records/GroupData.hpp" />
		<Unit filename="../base/records/IngredientRecord.cpp" />
		<Unit filename="../base/records/IngredientRecord.hpp" />
		<Unit filename="../base/records/KeyRecord.cpp" />
		<Unit filename="../base/records/KeyRecord.hpp" />
		<Unit filename="../base/records/LocalizedString.cpp" />
		<Unit filename="../base/records/LocalizedString.hpp" />
		<Unit filename="../base/records/MiscObjectRecord.cpp" />
		<Unit filename="../base/records/MiscObjectRecord.hpp" />
		<Unit filename="../base/records/NPCRecord.cpp" />
		<Unit filename="../base/records/NPCRecord.hpp" />
		<Unit filename="../base/records/PerkRecord.cpp" />
		<Unit filename="../base/records/PerkRecord.hpp" />
		<Unit filename="../base/records/QuestRecord.cpp" />
		<Unit filename="../base/records/QuestRecord.hpp" />
		<Unit filename="../base/records/ScrollRecord.cpp" />
		<Unit filename="../base/records/ScrollRecord.hpp" />
		<Unit filename="../base/records/ShoutRecord.cpp" />
		<Unit filename="../base/records/ShoutRecord.hpp" />
		<Unit filename="../base/records/SimplifiedReferenceRecord.cpp" />
		<Unit filename="../base/records/SimplifiedReferenceRecord.hpp" />
		<Unit filename="../base/records/SoulGemRecord.cpp" />
		<Unit filename="../base/records/SoulGemRecord.hpp" />
		<Unit filename="../base/records/SpellItem.cpp" />
		<Unit filename="../base/records/SpellItem.hpp" />
		<Unit filename="../base/records/SpellRecord.cpp" />
		<Unit filename="../base/records/SpellRecord.hpp" />
		<Unit filename="../base/records/SubBlock.hpp" />
		<Unit filename="../base/records/TES4HeaderRecord.cpp" />
		<Unit filename="../base/records/TES4HeaderRecord.hpp" />
		<Unit filename="../base/records/TalkingActivatorRecord.cpp" />
		<Unit filename="../base/records/TalkingActivatorRecord.hpp" />
		<Unit filename="../base/records/TreeRecord.cpp" />
		<Unit filename="../base/records/TreeRecord.hpp" />
		<Unit filename="../base/records/WeaponRecord.cpp" />
		<Unit filename="../base/records/WeaponRecord.hpp" />
		<Unit filename="../base/records/WordOfPowerRecord.cpp" />
		<Unit filename="../base/records/WordOfPowerRecord.hpp" />
		<Unit filename="../base/records/WorldSpaceRecord.cpp" />
		<Unit filename="../base/records/WorldSpaceRecord.hpp" />
		<Unit filename="../base/records/quest/AliasEntry.cpp" />
		<Unit filename="../base/records/quest/AliasEntry.hpp" />
		<Unit filename="../base/records/quest/IndexEntry.cpp" />
		<Unit filename="../base/records/quest/IndexEntry.hpp" />
		<Unit filename="../base/records/quest/QOBJEntry.cpp" />
		<Unit filename="../base/records/quest/QOBJEntry.hpp" />
		<Unit filename="../base/records/quest/QSDTRecord.cpp" />
		<Unit filename="../base/records/quest/QSDTRecord.hpp" />
		<Unit filename="../base/records/quest/QSTAEntry.cpp" />
		<Unit filename="../base/records/quest/QSTAEntry.hpp" />
		<Unit filename="AuxFunctions.cpp" />
		<Unit filename="AuxFunctions.hpp" />
		<Unit filename="ESMReaderFinder.cpp" />
		<Unit filename="ESMReaderFinder.hpp" />
		<Unit filename="ESMReaderFinderReferences.cpp" />
		<Unit filename="ESMReaderFinderReferences.hpp" />
		<Unit filename="main.cpp" />
		<Extensions>
			<lib_finder disable_auto="1" />
		</Extensions>
	</Project>
</CodeBlocks_project_file>
