<?xml version="1.0" encoding="UTF-8" standalone="yes" ?>
<CodeBlocks_project_file>
	<FileVersion major="1" minor="6" />
	<Project>
		<Option title="small_high_elves" />
		<Option pch_mode="2" />
		<Option compiler="gcc" />
		<Build>
			<Target title="Debug">
				<Option output="bin/Debug/small_high_elves" prefix_auto="1" extension_auto="1" />
				<Option object_output="obj/Debug/" />
				<Option type="1" />
				<Option compiler="gcc" />
				<Compiler>
					<Add option="-g" />
				</Compiler>
			</Target>
			<Target title="Release">
				<Option output="bin/Release/small_high_elves" prefix_auto="1" extension_auto="1" />
				<Option object_output="obj/Release/" />
				<Option type="1" />
				<Option compiler="gcc" />
				<Compiler>
					<Add option="-O2" />
				</Compiler>
				<Linker>
					<Add option="-s" />
				</Linker>
			</Target>
		</Build>
		<Compiler>
			<Add option="-Wshadow" />
			<Add option="-Weffc++" />
			<Add option="-pedantic-errors" />
			<Add option="-pedantic" />
			<Add option="-Wextra" />
			<Add option="-Wall" />
			<Add option="-std=c++17" />
			<Add option="-fexceptions" />
		</Compiler>
		<Linker>
			<Add library="z" />
			<Add library="lz4" />
		</Linker>
		<Unit filename="../../base/CompressionFunctions.cpp" />
		<Unit filename="../../base/CompressionFunctions.hpp" />
		<Unit filename="../../base/DirectoryFunctions.cpp" />
		<Unit filename="../../base/DirectoryFunctions.hpp" />
		<Unit filename="../../base/FileFunctions.cpp" />
		<Unit filename="../../base/FileFunctions.hpp" />
		<Unit filename="../../base/RandomFunctions.cpp" />
		<Unit filename="../../base/RandomFunctions.hpp" />
		<Unit filename="../../base/RegistryFunctions.cpp" />
		<Unit filename="../../base/RegistryFunctions.hpp" />
		<Unit filename="../../base/SlashFunctions.cpp" />
		<Unit filename="../../base/SlashFunctions.hpp" />
		<Unit filename="../../base/UtilityFunctions.cpp" />
		<Unit filename="../../base/UtilityFunctions.hpp" />
		<Unit filename="../../base/lz4Compression.cpp" />
		<Unit filename="../../base/lz4Compression.hpp" />
		<Unit filename="../../mw/base/HelperIO.cpp" />
		<Unit filename="../../mw/base/HelperIO.hpp" />
		<Unit filename="../base/ESMFileContents.cpp" />
		<Unit filename="../base/ESMFileContents.hpp" />
		<Unit filename="../base/ESMReader.cpp" />
		<Unit filename="../base/ESMReader.hpp" />
		<Unit filename="../base/ESMReaderSingleType.hpp" />
		<Unit filename="../base/ESMWriter.cpp" />
		<Unit filename="../base/ESMWriter.hpp" />
		<Unit filename="../base/ESMWriterContents.cpp" />
		<Unit filename="../base/ESMWriterContents.hpp" />
		<Unit filename="../base/Group.cpp" />
		<Unit filename="../base/Group.hpp" />
		<Unit filename="../base/Localization.cpp" />
		<Unit filename="../base/Localization.hpp" />
		<Unit filename="../base/PathFunctions.hpp" />
		<Unit filename="../base/Races.hpp" />
		<Unit filename="../base/RegistryFunctions.hpp" />
		<Unit filename="../base/ReturnCodes.hpp" />
		<Unit filename="../base/SR_Constants.hpp" />
		<Unit filename="../base/StringTable.cpp" />
		<Unit filename="../base/StringTable.hpp" />
		<Unit filename="../base/StringTableCompound.cpp" />
		<Unit filename="../base/StringTableCompound.hpp" />
		<Unit filename="../base/TableUtilities.cpp" />
		<Unit filename="../base/TableUtilities.hpp" />
		<Unit filename="../base/bsa/BSA.cpp" />
		<Unit filename="../base/bsa/BSA.hpp" />
		<Unit filename="../base/bsa/BSADirectoryBlock.cpp" />
		<Unit filename="../base/bsa/BSADirectoryBlock.hpp" />
		<Unit filename="../base/bsa/BSADirectoryRecord.cpp" />
		<Unit filename="../base/bsa/BSADirectoryRecord.hpp" />
		<Unit filename="../base/bsa/BSAFileRecord.cpp" />
		<Unit filename="../base/bsa/BSAFileRecord.hpp" />
		<Unit filename="../base/bsa/BSAHash.hpp" />
		<Unit filename="../base/bsa/BSAHeader.cpp" />
		<Unit filename="../base/bsa/BSAHeader.hpp" />
		<Unit filename="../base/records/BasicRecord.cpp" />
		<Unit filename="../base/records/BasicRecord.hpp" />
		<Unit filename="../base/records/BinarySubRecord.cpp" />
		<Unit filename="../base/records/BinarySubRecord.hpp" />
		<Unit filename="../base/records/GroupData.cpp" />
		<Unit filename="../base/records/GroupData.hpp" />
		<Unit filename="../base/records/LocalizedString.cpp" />
		<Unit filename="../base/records/LocalizedString.hpp" />
		<Unit filename="../base/records/RaceRecord.cpp" />
		<Unit filename="../base/records/RaceRecord.hpp" />
		<Unit filename="../base/records/SubBlock.hpp" />
		<Unit filename="../base/records/TES4HeaderRecord.cpp" />
		<Unit filename="../base/records/TES4HeaderRecord.hpp" />
		<Unit filename="main.cpp" />
		<Extensions>
			<lib_finder disable_auto="1" />
		</Extensions>
	</Project>
</CodeBlocks_project_file>
