<?xml version="1.0" encoding="UTF-8" standalone="yes" ?>
<CodeBlocks_project_file>
	<FileVersion major="1" minor="6" />
	<Project>
		<Option title="component-tests" />
		<Option pch_mode="2" />
		<Option compiler="gcc" />
		<Build>
			<Target title="Release">
				<Option output="bin/Release/component-tests" prefix_auto="1" extension_auto="1" />
				<Option object_output="obj/Release/" />
				<Option type="1" />
				<Option compiler="gcc" />
				<Compiler>
					<Add option="-O2" />
				</Compiler>
				<Linker>
					<Add option="-s" />
				</Linker>
			</Target>
		</Build>
		<Compiler>
			<Add option="-Wunreachable-code" />
			<Add option="-Weffc++" />
			<Add option="-Wzero-as-null-pointer-constant" />
			<Add option="-pedantic" />
			<Add option="-Wall" />
			<Add option="-std=c++17" />
			<Add option="-fexceptions" />
		</Compiler>
		<Linker>
			<Add library="z" />
		</Linker>
		<Unit filename="../../base/BufferStream.hpp" />
		<Unit filename="../../base/ComparisonFunctor.hpp" />
		<Unit filename="../../base/CompressionFunctions.cpp" />
		<Unit filename="../../base/CompressionFunctions.hpp" />
		<Unit filename="../../base/DirectoryFunctions.cpp" />
		<Unit filename="../../base/DirectoryFunctions.hpp" />
		<Unit filename="../../base/FileFunctions.cpp" />
		<Unit filename="../../base/FileFunctions.hpp" />
		<Unit filename="../../base/RegistryFunctions.cpp" />
		<Unit filename="../../base/RegistryFunctions.hpp" />
		<Unit filename="../../base/UtilityFunctions.cpp" />
		<Unit filename="../../base/UtilityFunctions.hpp" />
		<Unit filename="../../mw/base/HelperIO.cpp" />
		<Unit filename="../../mw/base/HelperIO.hpp" />
		<Unit filename="../../mw/base/MW_Constants.hpp" />
		<Unit filename="../../sr/base/DependencySolver.cpp" />
		<Unit filename="../../sr/base/DependencySolver.hpp" />
		<Unit filename="../../sr/base/ESMFileContents.cpp" />
		<Unit filename="../../sr/base/ESMFileContents.hpp" />
		<Unit filename="../../sr/base/ESMReader.cpp" />
		<Unit filename="../../sr/base/ESMReader.hpp" />
		<Unit filename="../../sr/base/FormIDFunctions.cpp" />
		<Unit filename="../../sr/base/FormIDFunctions.hpp" />
		<Unit filename="../../sr/base/Group.cpp" />
		<Unit filename="../../sr/base/Group.hpp" />
		<Unit filename="../../sr/base/MapBasedRecordManager.hpp" />
		<Unit filename="../../sr/base/SR_Constants.hpp" />
		<Unit filename="../../sr/base/StringTable.cpp" />
		<Unit filename="../../sr/base/StringTable.hpp" />
		<Unit filename="../../sr/base/bsa/BSAFileRecord.cpp" />
		<Unit filename="../../sr/base/bsa/BSAFileRecord.hpp" />
		<Unit filename="../../sr/base/bsa/BSAFolderRecord.cpp" />
		<Unit filename="../../sr/base/bsa/BSAFolderRecord.hpp" />
		<Unit filename="../../sr/base/bsa/BSAHeader.cpp" />
		<Unit filename="../../sr/base/bsa/BSAHeader.hpp" />
		<Unit filename="../../sr/base/records/AcousticSpaceRecord.cpp" />
		<Unit filename="../../sr/base/records/AcousticSpaceRecord.hpp" />
		<Unit filename="../../sr/base/records/ActionRecord.cpp" />
		<Unit filename="../../sr/base/records/ActionRecord.hpp" />
		<Unit filename="../../sr/base/records/ActivatorRecord.cpp" />
		<Unit filename="../../sr/base/records/ActivatorRecord.hpp" />
		<Unit filename="../../sr/base/records/AddOnNodeRecord.cpp" />
		<Unit filename="../../sr/base/records/AddOnNodeRecord.hpp" />
		<Unit filename="../../sr/base/records/AlchemyPotionRecord.cpp" />
		<Unit filename="../../sr/base/records/AlchemyPotionRecord.hpp" />
		<Unit filename="../../sr/base/records/AmmunitionRecord.cpp" />
		<Unit filename="../../sr/base/records/AmmunitionRecord.hpp" />
		<Unit filename="../../sr/base/records/AnimatedObjectRecord.cpp" />
		<Unit filename="../../sr/base/records/AnimatedObjectRecord.hpp" />
		<Unit filename="../../sr/base/records/ApparatusRecord.cpp" />
		<Unit filename="../../sr/base/records/ApparatusRecord.hpp" />
		<Unit filename="../../sr/base/records/ArmourRecord.cpp" />
		<Unit filename="../../sr/base/records/ArmourRecord.hpp" />
		<Unit filename="../../sr/base/records/BasicRecord.cpp" />
		<Unit filename="../../sr/base/records/BasicRecord.hpp" />
		<Unit filename="../../sr/base/records/BinarySubRecord.cpp" />
		<Unit filename="../../sr/base/records/BinarySubRecord.hpp" />
		<Unit filename="../../sr/base/records/BinarySubRecordExtended.cpp" />
		<Unit filename="../../sr/base/records/BinarySubRecordExtended.hpp" />
		<Unit filename="../../sr/base/records/BookRecord.cpp" />
		<Unit filename="../../sr/base/records/BookRecord.hpp" />
		<Unit filename="../../sr/base/records/CTDAData.cpp" />
		<Unit filename="../../sr/base/records/CTDAData.hpp" />
		<Unit filename="../../sr/base/records/CameraShotRecord.cpp" />
		<Unit filename="../../sr/base/records/CameraShotRecord.hpp" />
		<Unit filename="../../sr/base/records/CellRecord.cpp" />
		<Unit filename="../../sr/base/records/CellRecord.hpp" />
		<Unit filename="../../sr/base/records/ComponentData.cpp" />
		<Unit filename="../../sr/base/records/ComponentData.hpp" />
		<Unit filename="../../sr/base/records/ContainerRecord.cpp" />
		<Unit filename="../../sr/base/records/ContainerRecord.hpp" />
		<Unit filename="../../sr/base/records/DestructionData.cpp" />
		<Unit filename="../../sr/base/records/DestructionData.hpp" />
		<Unit filename="../../sr/base/records/EffectBlock.cpp" />
		<Unit filename="../../sr/base/records/EffectBlock.hpp" />
		<Unit filename="../../sr/base/records/FactionRecord.cpp" />
		<Unit filename="../../sr/base/records/FactionRecord.hpp" />
		<Unit filename="../../sr/base/records/FloraRecord.cpp" />
		<Unit filename="../../sr/base/records/FloraRecord.hpp" />
		<Unit filename="../../sr/base/records/FurnitureRecord.cpp" />
		<Unit filename="../../sr/base/records/FurnitureRecord.hpp" />
		<Unit filename="../../sr/base/records/GenericRecord.cpp" />
		<Unit filename="../../sr/base/records/GenericRecord.hpp" />
		<Unit filename="../../sr/base/records/GroupData.cpp" />
		<Unit filename="../../sr/base/records/GroupData.hpp" />
		<Unit filename="../../sr/base/records/IngredientRecord.cpp" />
		<Unit filename="../../sr/base/records/IngredientRecord.hpp" />
		<Unit filename="../../sr/base/records/KeyRecord.cpp" />
		<Unit filename="../../sr/base/records/KeyRecord.hpp" />
		<Unit filename="../../sr/base/records/KeywordRecord.cpp" />
		<Unit filename="../../sr/base/records/KeywordRecord.hpp" />
		<Unit filename="../../sr/base/records/LocalizedString.cpp" />
		<Unit filename="../../sr/base/records/LocalizedString.hpp" />
		<Unit filename="../../sr/base/records/MiscObjectRecord.cpp" />
		<Unit filename="../../sr/base/records/MiscObjectRecord.hpp" />
		<Unit filename="../../sr/base/records/NAVIRecord.cpp" />
		<Unit filename="../../sr/base/records/NAVIRecord.hpp" />
		<Unit filename="../../sr/base/records/NPCRecord.cpp" />
		<Unit filename="../../sr/base/records/NPCRecord.hpp" />
		<Unit filename="../../sr/base/records/PerkRecord.cpp" />
		<Unit filename="../../sr/base/records/PerkRecord.hpp" />
		<Unit filename="../../sr/base/records/QuestRecord.cpp" />
		<Unit filename="../../sr/base/records/QuestRecord.hpp" />
		<Unit filename="../../sr/base/records/ScrollRecord.cpp" />
		<Unit filename="../../sr/base/records/ScrollRecord.hpp" />
		<Unit filename="../../sr/base/records/ShoutRecord.cpp" />
		<Unit filename="../../sr/base/records/ShoutRecord.hpp" />
		<Unit filename="../../sr/base/records/SimplifiedReferenceRecord.cpp" />
		<Unit filename="../../sr/base/records/SimplifiedReferenceRecord.hpp" />
		<Unit filename="../../sr/base/records/SoulGemRecord.cpp" />
		<Unit filename="../../sr/base/records/SoulGemRecord.hpp" />
		<Unit filename="../../sr/base/records/SpellItem.cpp" />
		<Unit filename="../../sr/base/records/SpellItem.hpp" />
		<Unit filename="../../sr/base/records/SpellRecord.cpp" />
		<Unit filename="../../sr/base/records/SpellRecord.hpp" />
		<Unit filename="../../sr/base/records/SubBlock.hpp" />
		<Unit filename="../../sr/base/records/TES4HeaderRecord.cpp" />
		<Unit filename="../../sr/base/records/TES4HeaderRecord.hpp" />
		<Unit filename="../../sr/base/records/TalkingActivatorRecord.cpp" />
		<Unit filename="../../sr/base/records/TalkingActivatorRecord.hpp" />
		<Unit filename="../../sr/base/records/TreeRecord.cpp" />
		<Unit filename="../../sr/base/records/TreeRecord.hpp" />
		<Unit filename="../../sr/base/records/WeaponRecord.cpp" />
		<Unit filename="../../sr/base/records/WeaponRecord.hpp" />
		<Unit filename="../../sr/base/records/WordOfPowerRecord.cpp" />
		<Unit filename="../../sr/base/records/WordOfPowerRecord.hpp" />
		<Unit filename="../../sr/base/records/WorldSpaceRecord.cpp" />
		<Unit filename="../../sr/base/records/WorldSpaceRecord.hpp" />
		<Unit filename="../../sr/base/records/quest/AliasEntry.cpp" />
		<Unit filename="../../sr/base/records/quest/AliasEntry.hpp" />
		<Unit filename="../../sr/base/records/quest/IndexEntry.cpp" />
		<Unit filename="../../sr/base/records/quest/IndexEntry.hpp" />
		<Unit filename="../../sr/base/records/quest/QOBJEntry.cpp" />
		<Unit filename="../../sr/base/records/quest/QOBJEntry.hpp" />
		<Unit filename="../../sr/base/records/quest/QSDTRecord.cpp" />
		<Unit filename="../../sr/base/records/quest/QSDTRecord.hpp" />
		<Unit filename="../../sr/base/records/quest/QSTAEntry.cpp" />
		<Unit filename="../../sr/base/records/quest/QSTAEntry.hpp" />
		<Unit filename="base/BufferStream.cpp" />
		<Unit filename="base/ComparisonFunctor.cpp" />
		<Unit filename="base/CompressionFunctions.cpp" />
		<Unit filename="base/DirectoryFunctions.cpp" />
		<Unit filename="base/FileFunctions.cpp" />
		<Unit filename="base/RegistryFunctions.cpp" />
		<Unit filename="base/UtilityFunctions.cpp" />
		<Unit filename="main.cpp" />
		<Unit filename="mw/base/HelperIO.cpp" />
		<Unit filename="sr/base/DependencyElement.cpp" />
		<Unit filename="sr/base/ESMFileContents.cpp" />
		<Unit filename="sr/base/FormIDFunctions.cpp" />
		<Unit filename="sr/base/MapBasedRecordManager.cpp" />
		<Unit filename="sr/base/StringTable.cpp" />
		<Unit filename="sr/base/bsa/BSAFileRecord.cpp" />
		<Unit filename="sr/base/bsa/BSAFolderRecord.cpp" />
		<Unit filename="sr/base/bsa/BSAHeader.cpp" />
		<Unit filename="sr/base/records/AcousticSpaceRecord.cpp" />
		<Unit filename="sr/base/records/ActionRecord.cpp" />
		<Unit filename="sr/base/records/ActivatorRecord.cpp" />
		<Unit filename="sr/base/records/AddOnNodeRecord.cpp" />
		<Unit filename="sr/base/records/AlchemyPotionRecord.cpp" />
		<Unit filename="sr/base/records/AmmunitionRecord.cpp" />
		<Unit filename="sr/base/records/AnimatedObjectRecord.cpp" />
		<Unit filename="sr/base/records/ApparatusRecord.cpp" />
		<Unit filename="sr/base/records/ArmourRecord.cpp" />
		<Unit filename="sr/base/records/BasicRecord.cpp" />
		<Unit filename="sr/base/records/BinarySubRecord.cpp" />
		<Unit filename="sr/base/records/BinarySubRecordExtended.cpp" />
		<Unit filename="sr/base/records/BookRecord.cpp" />
		<Unit filename="sr/base/records/CTDAData.cpp" />
		<Unit filename="sr/base/records/CTDA_CISx_compound.cpp" />
		<Unit filename="sr/base/records/CameraShotRecord.cpp" />
		<Unit filename="sr/base/records/CellRecord.cpp" />
		<Unit filename="sr/base/records/CellRecord_SubrecordXCLC.cpp" />
		<Unit filename="sr/base/records/ComponentData.cpp" />
		<Unit filename="sr/base/records/ContainerRecord.cpp" />
		<Unit filename="sr/base/records/DestructionData.cpp" />
		<Unit filename="sr/base/records/DestructionStage.cpp" />
		<Unit filename="sr/base/records/EffectBlock.cpp" />
		<Unit filename="sr/base/records/FactionRecord.cpp" />
		<Unit filename="sr/base/records/FactionRecord_InterfactionRelation.cpp" />
		<Unit filename="sr/base/records/FactionRecord_RankData.cpp" />
		<Unit filename="sr/base/records/FactionRecord_VendorData.cpp" />
		<Unit filename="sr/base/records/FloraRecord.cpp" />
		<Unit filename="sr/base/records/FurnitureRecord.cpp" />
		<Unit filename="sr/base/records/GenericRecord.cpp" />
		<Unit filename="sr/base/records/GroupData.cpp" />
		<Unit filename="sr/base/records/IngredientRecord.cpp" />
		<Unit filename="sr/base/records/KeyRecord.cpp" />
		<Unit filename="sr/base/records/KeywordRecord.cpp" />
		<Unit filename="sr/base/records/LocalizedString.cpp" />
		<Unit filename="sr/base/records/MiscObjectRecord.cpp" />
		<Unit filename="sr/base/records/NAVIRecord.cpp" />
		<Unit filename="sr/base/records/NPCRecord.cpp" />
		<Unit filename="sr/base/records/NPCRecord_CSDXstruct.cpp" />
		<Unit filename="sr/base/records/NPCRecord_FactionElem.cpp" />
		<Unit filename="sr/base/records/NPCRecord_PerkElem.cpp" />
		<Unit filename="sr/base/records/NPCRecord_TINXstructure.cpp" />
		<Unit filename="sr/base/records/PerkRecord.cpp" />
		<Unit filename="sr/base/records/QuestRecord.cpp" />
		<Unit filename="sr/base/records/ScrollRecord.cpp" />
		<Unit filename="sr/base/records/ShoutRecord.cpp" />
		<Unit filename="sr/base/records/SimplifiedReferenceRecord.cpp" />
		<Unit filename="sr/base/records/SoulGemRecord.cpp" />
		<Unit filename="sr/base/records/SpellItem.cpp" />
		<Unit filename="sr/base/records/SpellRecord.cpp" />
		<Unit filename="sr/base/records/TalkingActivatorRecord.cpp" />
		<Unit filename="sr/base/records/Tes4HeaderRecord.cpp" />
		<Unit filename="sr/base/records/TreeRecord.cpp" />
		<Unit filename="sr/base/records/WeaponRecord.cpp" />
		<Unit filename="sr/base/records/WordOfPowerRecord.cpp" />
		<Unit filename="sr/base/records/WorldSpaceRecord.cpp" />
		<Unit filename="sr/base/records/WrongStringType.cpp" />
		<Unit filename="sr/base/records/quest/AliasEntry.cpp" />
		<Unit filename="sr/base/records/quest/IndexEntry.cpp" />
		<Unit filename="sr/base/records/quest/QOBJEntry.cpp" />
		<Unit filename="sr/base/records/quest/QSDTRecord.cpp" />
		<Unit filename="sr/base/records/quest/QSTAEntry.cpp" />
		<Extensions>
			<lib_finder disable_auto="1" />
		</Extensions>
	</Project>
</CodeBlocks_project_file>
