<?xml version="1.0" encoding="UTF-8" standalone="yes" ?>
<CodeBlocks_project_file>
	<FileVersion major="1" minor="6" />
	<Project>
		<Option title="component-tests" />
		<Option pch_mode="2" />
		<Option compiler="gcc" />
		<Build>
			<Target title="Release">
				<Option output="bin/Release/component-tests" prefix_auto="1" extension_auto="1" />
				<Option object_output="obj/Release/" />
				<Option type="1" />
				<Option compiler="gcc" />
				<Compiler>
					<Add option="-O2" />
				</Compiler>
				<Linker>
					<Add option="-s" />
				</Linker>
			</Target>
		</Build>
		<Compiler>
			<Add option="-Wunreachable-code" />
			<Add option="-Weffc++" />
			<Add option="-Wzero-as-null-pointer-constant" />
			<Add option="-pedantic" />
			<Add option="-Wall" />
			<Add option="-std=c++17" />
			<Add option="-fexceptions" />
		</Compiler>
		<Linker>
			<Add library="z" />
			<Add library="lz4" />
		</Linker>
		<Unit filename="../../base/BufferStream.hpp" />
		<Unit filename="../../base/ByteBuffer.cpp" />
		<Unit filename="../../base/ByteBuffer.hpp" />
		<Unit filename="../../base/ComparisonFunctor.hpp" />
		<Unit filename="../../base/CompressionFunctions.cpp" />
		<Unit filename="../../base/CompressionFunctions.hpp" />
		<Unit filename="../../base/DirectoryFunctions.cpp" />
		<Unit filename="../../base/DirectoryFunctions.hpp" />
		<Unit filename="../../base/FileFunctions.cpp" />
		<Unit filename="../../base/FileFunctions.hpp" />
		<Unit filename="../../base/RandomFunctions.cpp" />
		<Unit filename="../../base/RandomFunctions.hpp" />
		<Unit filename="../../base/RegistryFunctions.cpp" />
		<Unit filename="../../base/RegistryFunctions.hpp" />
		<Unit filename="../../base/SlashFunctions.cpp" />
		<Unit filename="../../base/SlashFunctions.hpp" />
		<Unit filename="../../base/UtilityFunctions.cpp" />
		<Unit filename="../../base/UtilityFunctions.hpp" />
		<Unit filename="../../base/lz4Compression.cpp" />
		<Unit filename="../../base/lz4Compression.hpp" />
		<Unit filename="../../mw/base/DepFiles.cpp" />
		<Unit filename="../../mw/base/DepFiles.hpp" />
		<Unit filename="../../mw/base/ESMReader.cpp" />
		<Unit filename="../../mw/base/ESMReader.hpp" />
		<Unit filename="../../mw/base/ESMReaderGeneric.cpp" />
		<Unit filename="../../mw/base/ESMReaderGeneric.hpp" />
		<Unit filename="../../mw/base/Enchantment.cpp" />
		<Unit filename="../../mw/base/Enchantment.hpp" />
		<Unit filename="../../mw/base/HelperIO.cpp" />
		<Unit filename="../../mw/base/HelperIO.hpp" />
		<Unit filename="../../mw/base/MW_Constants.hpp" />
		<Unit filename="../../mw/base/MagicEffects.cpp" />
		<Unit filename="../../mw/base/MagicEffects.hpp" />
		<Unit filename="../../mw/base/MapBasedRecordManager.hpp" />
		<Unit filename="../../mw/base/SetBasedRecordManager.hpp" />
		<Unit filename="../../mw/base/Skills.cpp" />
		<Unit filename="../../mw/base/Skills.hpp" />
		<Unit filename="../../mw/base/records/AIData.cpp" />
		<Unit filename="../../mw/base/records/AIData.hpp" />
		<Unit filename="../../mw/base/records/AIPackages.cpp" />
		<Unit filename="../../mw/base/records/AIPackages.hpp" />
		<Unit filename="../../mw/base/records/ActivatorRecord.cpp" />
		<Unit filename="../../mw/base/records/ActivatorRecord.hpp" />
		<Unit filename="../../mw/base/records/AlchemyPotionRecord.cpp" />
		<Unit filename="../../mw/base/records/AlchemyPotionRecord.hpp" />
		<Unit filename="../../mw/base/records/ApparatusRecord.cpp" />
		<Unit filename="../../mw/base/records/ApparatusRecord.hpp" />
		<Unit filename="../../mw/base/records/ArmourRecord.cpp" />
		<Unit filename="../../mw/base/records/ArmourRecord.hpp" />
		<Unit filename="../../mw/base/records/BasicRecord.cpp" />
		<Unit filename="../../mw/base/records/BasicRecord.hpp" />
		<Unit filename="../../mw/base/records/BodyPartAssociation.cpp" />
		<Unit filename="../../mw/base/records/BodyPartAssociation.hpp" />
		<Unit filename="../../mw/base/records/BodyPartRecord.cpp" />
		<Unit filename="../../mw/base/records/BodyPartRecord.hpp" />
		<Unit filename="../../mw/base/records/BookRecord.cpp" />
		<Unit filename="../../mw/base/records/BookRecord.hpp" />
		<Unit filename="../../mw/base/records/CellRecord.cpp" />
		<Unit filename="../../mw/base/records/CellRecord.hpp" />
		<Unit filename="../../mw/base/records/ClothingRecord.cpp" />
		<Unit filename="../../mw/base/records/ClothingRecord.hpp" />
		<Unit filename="../../mw/base/records/ContainerRecord.cpp" />
		<Unit filename="../../mw/base/records/ContainerRecord.hpp" />
		<Unit filename="../../mw/base/records/DoorRecord.cpp" />
		<Unit filename="../../mw/base/records/DoorRecord.hpp" />
		<Unit filename="../../mw/base/records/GameSettingRecord.cpp" />
		<Unit filename="../../mw/base/records/GameSettingRecord.hpp" />
		<Unit filename="../../mw/base/records/GenericRecord.cpp" />
		<Unit filename="../../mw/base/records/GenericRecord.hpp" />
		<Unit filename="../../mw/base/records/GlobalRecord.cpp" />
		<Unit filename="../../mw/base/records/GlobalRecord.hpp" />
		<Unit filename="../../mw/base/records/IngredientRecord.cpp" />
		<Unit filename="../../mw/base/records/IngredientRecord.hpp" />
		<Unit filename="../../mw/base/records/ItemRecord.cpp" />
		<Unit filename="../../mw/base/records/ItemRecord.hpp" />
		<Unit filename="../../mw/base/records/LightRecord.cpp" />
		<Unit filename="../../mw/base/records/LightRecord.hpp" />
		<Unit filename="../../mw/base/records/LockpickRecord.cpp" />
		<Unit filename="../../mw/base/records/LockpickRecord.hpp" />
		<Unit filename="../../mw/base/records/MagicEffectRecord.cpp" />
		<Unit filename="../../mw/base/records/MagicEffectRecord.hpp" />
		<Unit filename="../../mw/base/records/MiscItemRecord.cpp" />
		<Unit filename="../../mw/base/records/MiscItemRecord.hpp" />
		<Unit filename="../../mw/base/records/NPCRecord.cpp" />
		<Unit filename="../../mw/base/records/NPCRecord.hpp" />
		<Unit filename="../../mw/base/records/PathGridRecord.cpp" />
		<Unit filename="../../mw/base/records/PathGridRecord.hpp" />
		<Unit filename="../../mw/base/records/PreNPCRecord.cpp" />
		<Unit filename="../../mw/base/records/PreNPCRecord.hpp" />
		<Unit filename="../../mw/base/records/ProbeRecord.cpp" />
		<Unit filename="../../mw/base/records/ProbeRecord.hpp" />
		<Unit filename="../../mw/base/records/ReferencedObject.cpp" />
		<Unit filename="../../mw/base/records/ReferencedObject.hpp" />
		<Unit filename="../../mw/base/records/RepairItemRecord.cpp" />
		<Unit filename="../../mw/base/records/RepairItemRecord.hpp" />
		<Unit filename="../../mw/base/records/ScriptRecord.cpp" />
		<Unit filename="../../mw/base/records/ScriptRecord.hpp" />
		<Unit filename="../../mw/base/records/SkillRecord.cpp" />
		<Unit filename="../../mw/base/records/SkillRecord.hpp" />
		<Unit filename="../../mw/base/records/SpellRecord.cpp" />
		<Unit filename="../../mw/base/records/SpellRecord.hpp" />
		<Unit filename="../../mw/base/records/StartScriptRecord.cpp" />
		<Unit filename="../../mw/base/records/StartScriptRecord.hpp" />
		<Unit filename="../../mw/base/records/StaticRecord.cpp" />
		<Unit filename="../../mw/base/records/StaticRecord.hpp" />
		<Unit filename="../../mw/base/records/TES3Record.cpp" />
		<Unit filename="../../mw/base/records/TES3Record.hpp" />
		<Unit filename="../../mw/base/records/TravelDestination.cpp" />
		<Unit filename="../../mw/base/records/TravelDestination.hpp" />
		<Unit filename="../../mw/base/records/WeaponRecord.cpp" />
		<Unit filename="../../mw/base/records/WeaponRecord.hpp" />
		<Unit filename="../../sr/base/DependencySolver.cpp" />
		<Unit filename="../../sr/base/DependencySolver.hpp" />
		<Unit filename="../../sr/base/ESMFileContents.cpp" />
		<Unit filename="../../sr/base/ESMFileContents.hpp" />
		<Unit filename="../../sr/base/ESMReader.cpp" />
		<Unit filename="../../sr/base/ESMReader.hpp" />
		<Unit filename="../../sr/base/ESMReaderSingleType.hpp" />
		<Unit filename="../../sr/base/Factions.hpp" />
		<Unit filename="../../sr/base/FormIDFunctions.cpp" />
		<Unit filename="../../sr/base/FormIDFunctions.hpp" />
		<Unit filename="../../sr/base/Group.cpp" />
		<Unit filename="../../sr/base/Group.hpp" />
		<Unit filename="../../sr/base/Localization.cpp" />
		<Unit filename="../../sr/base/Localization.hpp" />
		<Unit filename="../../sr/base/MapBasedRecordManager.hpp" />
		<Unit filename="../../sr/base/SR_Constants.hpp" />
		<Unit filename="../../sr/base/StringTable.cpp" />
		<Unit filename="../../sr/base/StringTable.hpp" />
		<Unit filename="../../sr/base/TableUtilities.cpp" />
		<Unit filename="../../sr/base/TableUtilities.hpp" />
		<Unit filename="../../sr/base/bsa/BSA.cpp" />
		<Unit filename="../../sr/base/bsa/BSA.hpp" />
		<Unit filename="../../sr/base/bsa/BSAFileRecord.cpp" />
		<Unit filename="../../sr/base/bsa/BSAFileRecord.hpp" />
		<Unit filename="../../sr/base/bsa/BSAFolderBlock.cpp" />
		<Unit filename="../../sr/base/bsa/BSAFolderBlock.hpp" />
		<Unit filename="../../sr/base/bsa/BSAFolderRecord.cpp" />
		<Unit filename="../../sr/base/bsa/BSAFolderRecord.hpp" />
		<Unit filename="../../sr/base/bsa/BSAHeader.cpp" />
		<Unit filename="../../sr/base/bsa/BSAHeader.hpp" />
		<Unit filename="../../sr/base/records/AcousticSpaceRecord.cpp" />
		<Unit filename="../../sr/base/records/AcousticSpaceRecord.hpp" />
		<Unit filename="../../sr/base/records/ActionRecord.cpp" />
		<Unit filename="../../sr/base/records/ActionRecord.hpp" />
		<Unit filename="../../sr/base/records/ActivatorRecord.cpp" />
		<Unit filename="../../sr/base/records/ActivatorRecord.hpp" />
		<Unit filename="../../sr/base/records/AddOnNodeRecord.cpp" />
		<Unit filename="../../sr/base/records/AddOnNodeRecord.hpp" />
		<Unit filename="../../sr/base/records/AlchemyPotionRecord.cpp" />
		<Unit filename="../../sr/base/records/AlchemyPotionRecord.hpp" />
		<Unit filename="../../sr/base/records/AmmunitionRecord.cpp" />
		<Unit filename="../../sr/base/records/AmmunitionRecord.hpp" />
		<Unit filename="../../sr/base/records/AnimatedObjectRecord.cpp" />
		<Unit filename="../../sr/base/records/AnimatedObjectRecord.hpp" />
		<Unit filename="../../sr/base/records/ApparatusRecord.cpp" />
		<Unit filename="../../sr/base/records/ApparatusRecord.hpp" />
		<Unit filename="../../sr/base/records/ArmourRecord.cpp" />
		<Unit filename="../../sr/base/records/ArmourRecord.hpp" />
		<Unit filename="../../sr/base/records/BasicRecord.cpp" />
		<Unit filename="../../sr/base/records/BasicRecord.hpp" />
		<Unit filename="../../sr/base/records/BinarySubRecord.cpp" />
		<Unit filename="../../sr/base/records/BinarySubRecord.hpp" />
		<Unit filename="../../sr/base/records/BinarySubRecordExtended.cpp" />
		<Unit filename="../../sr/base/records/BinarySubRecordExtended.hpp" />
		<Unit filename="../../sr/base/records/BookRecord.cpp" />
		<Unit filename="../../sr/base/records/BookRecord.hpp" />
		<Unit filename="../../sr/base/records/CTDAData.cpp" />
		<Unit filename="../../sr/base/records/CTDAData.hpp" />
		<Unit filename="../../sr/base/records/CameraShotRecord.cpp" />
		<Unit filename="../../sr/base/records/CameraShotRecord.hpp" />
		<Unit filename="../../sr/base/records/CellRecord.cpp" />
		<Unit filename="../../sr/base/records/CellRecord.hpp" />
		<Unit filename="../../sr/base/records/ComponentData.cpp" />
		<Unit filename="../../sr/base/records/ComponentData.hpp" />
		<Unit filename="../../sr/base/records/ContainerRecord.cpp" />
		<Unit filename="../../sr/base/records/ContainerRecord.hpp" />
		<Unit filename="../../sr/base/records/DestructionData.cpp" />
		<Unit filename="../../sr/base/records/DestructionData.hpp" />
		<Unit filename="../../sr/base/records/EffectBlock.cpp" />
		<Unit filename="../../sr/base/records/EffectBlock.hpp" />
		<Unit filename="../../sr/base/records/FactionRecord.cpp" />
		<Unit filename="../../sr/base/records/FactionRecord.hpp" />
		<Unit filename="../../sr/base/records/FloraRecord.cpp" />
		<Unit filename="../../sr/base/records/FloraRecord.hpp" />
		<Unit filename="../../sr/base/records/FurnitureRecord.cpp" />
		<Unit filename="../../sr/base/records/FurnitureRecord.hpp" />
		<Unit filename="../../sr/base/records/GenericRecord.cpp" />
		<Unit filename="../../sr/base/records/GenericRecord.hpp" />
		<Unit filename="../../sr/base/records/GroupData.cpp" />
		<Unit filename="../../sr/base/records/GroupData.hpp" />
		<Unit filename="../../sr/base/records/IngredientRecord.cpp" />
		<Unit filename="../../sr/base/records/IngredientRecord.hpp" />
		<Unit filename="../../sr/base/records/KeyRecord.cpp" />
		<Unit filename="../../sr/base/records/KeyRecord.hpp" />
		<Unit filename="../../sr/base/records/KeywordRecord.cpp" />
		<Unit filename="../../sr/base/records/KeywordRecord.hpp" />
		<Unit filename="../../sr/base/records/LocalizedString.cpp" />
		<Unit filename="../../sr/base/records/LocalizedString.hpp" />
		<Unit filename="../../sr/base/records/MiscObjectRecord.cpp" />
		<Unit filename="../../sr/base/records/MiscObjectRecord.hpp" />
		<Unit filename="../../sr/base/records/NAVIRecord.cpp" />
		<Unit filename="../../sr/base/records/NAVIRecord.hpp" />
		<Unit filename="../../sr/base/records/NPCRecord.cpp" />
		<Unit filename="../../sr/base/records/NPCRecord.hpp" />
		<Unit filename="../../sr/base/records/PerkRecord.cpp" />
		<Unit filename="../../sr/base/records/PerkRecord.hpp" />
		<Unit filename="../../sr/base/records/QuestRecord.cpp" />
		<Unit filename="../../sr/base/records/QuestRecord.hpp" />
		<Unit filename="../../sr/base/records/ScrollRecord.cpp" />
		<Unit filename="../../sr/base/records/ScrollRecord.hpp" />
		<Unit filename="../../sr/base/records/ShoutRecord.cpp" />
		<Unit filename="../../sr/base/records/ShoutRecord.hpp" />
		<Unit filename="../../sr/base/records/SimplifiedReferenceRecord.cpp" />
		<Unit filename="../../sr/base/records/SimplifiedReferenceRecord.hpp" />
		<Unit filename="../../sr/base/records/SoulGemRecord.cpp" />
		<Unit filename="../../sr/base/records/SoulGemRecord.hpp" />
		<Unit filename="../../sr/base/records/SpellItem.cpp" />
		<Unit filename="../../sr/base/records/SpellItem.hpp" />
		<Unit filename="../../sr/base/records/SpellRecord.cpp" />
		<Unit filename="../../sr/base/records/SpellRecord.hpp" />
		<Unit filename="../../sr/base/records/SubBlock.hpp" />
		<Unit filename="../../sr/base/records/TES4HeaderRecord.cpp" />
		<Unit filename="../../sr/base/records/TES4HeaderRecord.hpp" />
		<Unit filename="../../sr/base/records/TalkingActivatorRecord.cpp" />
		<Unit filename="../../sr/base/records/TalkingActivatorRecord.hpp" />
		<Unit filename="../../sr/base/records/TreeRecord.cpp" />
		<Unit filename="../../sr/base/records/TreeRecord.hpp" />
		<Unit filename="../../sr/base/records/WeaponRecord.cpp" />
		<Unit filename="../../sr/base/records/WeaponRecord.hpp" />
		<Unit filename="../../sr/base/records/WordOfPowerRecord.cpp" />
		<Unit filename="../../sr/base/records/WordOfPowerRecord.hpp" />
		<Unit filename="../../sr/base/records/WorldSpaceRecord.cpp" />
		<Unit filename="../../sr/base/records/WorldSpaceRecord.hpp" />
		<Unit filename="../../sr/base/records/quest/AliasEntry.cpp" />
		<Unit filename="../../sr/base/records/quest/AliasEntry.hpp" />
		<Unit filename="../../sr/base/records/quest/IndexEntry.cpp" />
		<Unit filename="../../sr/base/records/quest/IndexEntry.hpp" />
		<Unit filename="../../sr/base/records/quest/QOBJEntry.cpp" />
		<Unit filename="../../sr/base/records/quest/QOBJEntry.hpp" />
		<Unit filename="../../sr/base/records/quest/QSDTRecord.cpp" />
		<Unit filename="../../sr/base/records/quest/QSDTRecord.hpp" />
		<Unit filename="../../sr/base/records/quest/QSTAEntry.cpp" />
		<Unit filename="../../sr/base/records/quest/QSTAEntry.hpp" />
		<Unit filename="../../sr/bsa_cli/commands/ArgumentParsingUtilities.cpp" />
		<Unit filename="../../sr/bsa_cli/commands/ArgumentParsingUtilities.hpp" />
		<Unit filename="../../sr/bsa_cli/commands/Command.hpp" />
		<Unit filename="../../sr/bsa_cli/commands/CommandFactory.cpp" />
		<Unit filename="../../sr/bsa_cli/commands/CommandFactory.hpp" />
		<Unit filename="../../sr/bsa_cli/commands/Commands.cpp" />
		<Unit filename="../../sr/bsa_cli/commands/Commands.hpp" />
		<Unit filename="../../sr/bsa_cli/commands/ExtractAll.cpp" />
		<Unit filename="../../sr/bsa_cli/commands/ExtractAll.hpp" />
		<Unit filename="../../sr/bsa_cli/commands/ExtractFile.cpp" />
		<Unit filename="../../sr/bsa_cli/commands/ExtractFile.hpp" />
		<Unit filename="../../sr/bsa_cli/commands/ExtractFolder.cpp" />
		<Unit filename="../../sr/bsa_cli/commands/ExtractFolder.hpp" />
		<Unit filename="../../sr/bsa_cli/commands/Folders.cpp" />
		<Unit filename="../../sr/bsa_cli/commands/Folders.hpp" />
		<Unit filename="../../sr/bsa_cli/commands/Help.cpp" />
		<Unit filename="../../sr/bsa_cli/commands/Help.hpp" />
		<Unit filename="../../sr/bsa_cli/commands/Info.cpp" />
		<Unit filename="../../sr/bsa_cli/commands/Info.hpp" />
		<Unit filename="../../sr/bsa_cli/commands/List.cpp" />
		<Unit filename="../../sr/bsa_cli/commands/List.hpp" />
		<Unit filename="../../sr/bsa_cli/commands/Operations.cpp" />
		<Unit filename="../../sr/bsa_cli/commands/Operations.hpp" />
		<Unit filename="../../sr/formID_finder/AuxFunctions.cpp" />
		<Unit filename="../../sr/formID_finder/AuxFunctions.hpp" />
		<Unit filename="base/BufferStream.cpp" />
		<Unit filename="base/ByteBuffer.cpp" />
		<Unit filename="base/ComparisonFunctor.cpp" />
		<Unit filename="base/CompressionFunctions.cpp" />
		<Unit filename="base/DirectoryFunctions.cpp" />
		<Unit filename="base/FileFunctions.cpp" />
		<Unit filename="base/RandomFunctions.cpp" />
		<Unit filename="base/RegistryFunctions.cpp" />
		<Unit filename="base/SlashFunctions.cpp" />
		<Unit filename="base/UtilityFunctions.cpp" />
		<Unit filename="base/lz4Compression.cpp" />
		<Unit filename="main.cpp" />
		<Unit filename="mw/base/DepFile.cpp" />
		<Unit filename="mw/base/DepFileList.cpp" />
		<Unit filename="mw/base/ESMReader.cpp" />
		<Unit filename="mw/base/ESMReaderGeneric.cpp" />
		<Unit filename="mw/base/EnchantmentData.cpp" />
		<Unit filename="mw/base/HelperIO.cpp" />
		<Unit filename="mw/base/MagicEffects.cpp" />
		<Unit filename="mw/base/MapBasedRecordManager.cpp" />
		<Unit filename="mw/base/SetBasedRecordManager.cpp" />
		<Unit filename="mw/base/Skills.cpp" />
		<Unit filename="mw/base/records/AIData.cpp" />
		<Unit filename="mw/base/records/ActivatorRecord.cpp" />
		<Unit filename="mw/base/records/AlchemyPotionRecord.cpp" />
		<Unit filename="mw/base/records/AmbientLight.cpp" />
		<Unit filename="mw/base/records/ApparatusRecord.cpp" />
		<Unit filename="mw/base/records/ArmourRecord.cpp" />
		<Unit filename="mw/base/records/BasicRecord.cpp" />
		<Unit filename="mw/base/records/BodyPartAssociation.cpp" />
		<Unit filename="mw/base/records/BodyPartRecord.cpp" />
		<Unit filename="mw/base/records/BookRecord.cpp" />
		<Unit filename="mw/base/records/CellRecord.cpp" />
		<Unit filename="mw/base/records/ClothingRecord.cpp" />
		<Unit filename="mw/base/records/ContainerRecord.cpp" />
		<Unit filename="mw/base/records/DoorRecord.cpp" />
		<Unit filename="mw/base/records/GameSettingRecord.cpp" />
		<Unit filename="mw/base/records/GenericRecord.cpp" />
		<Unit filename="mw/base/records/GlobalRecord.cpp" />
		<Unit filename="mw/base/records/GridConnection.cpp" />
		<Unit filename="mw/base/records/GridPointData.cpp" />
		<Unit filename="mw/base/records/IngredientRecord.cpp" />
		<Unit filename="mw/base/records/ItemRecord.cpp" />
		<Unit filename="mw/base/records/LightRecord.cpp" />
		<Unit filename="mw/base/records/LockpickRecord.cpp" />
		<Unit filename="mw/base/records/MagicEffectRecord.cpp" />
		<Unit filename="mw/base/records/MiscItemRecord.cpp" />
		<Unit filename="mw/base/records/NPC_AIActivate.cpp" />
		<Unit filename="mw/base/records/NPC_AIEscort.cpp" />
		<Unit filename="mw/base/records/NPC_AIFollow.cpp" />
		<Unit filename="mw/base/records/NPC_AITravel.cpp" />
		<Unit filename="mw/base/records/NPC_AIWander.cpp" />
		<Unit filename="mw/base/records/PathGridRecord.cpp" />
		<Unit filename="mw/base/records/PreNPCRecord.cpp" />
		<Unit filename="mw/base/records/ProbeRecord.cpp" />
		<Unit filename="mw/base/records/RefDoorData.cpp" />
		<Unit filename="mw/base/records/ReferencedObject.cpp" />
		<Unit filename="mw/base/records/RepairItemRecord.cpp" />
		<Unit filename="mw/base/records/ScriptRecord.cpp" />
		<Unit filename="mw/base/records/SkillRecord.cpp" />
		<Unit filename="mw/base/records/SpellRecord.cpp" />
		<Unit filename="mw/base/records/StartScriptRecord.cpp" />
		<Unit filename="mw/base/records/StaticRecord.cpp" />
		<Unit filename="mw/base/records/TES3Record.cpp" />
		<Unit filename="mw/base/records/TravelDestination.cpp" />
		<Unit filename="mw/base/records/WeaponRecord.cpp" />
		<Unit filename="sr/base/DependencyElement.cpp" />
		<Unit filename="sr/base/ESMFileContents.cpp" />
		<Unit filename="sr/base/ESMReader.cpp" />
		<Unit filename="sr/base/FormIDFunctions.cpp" />
		<Unit filename="sr/base/Localization.cpp" />
		<Unit filename="sr/base/MapBasedRecordManager.cpp" />
		<Unit filename="sr/base/StringTable.cpp" />
		<Unit filename="sr/base/TableUtilities.cpp" />
		<Unit filename="sr/base/TestFactionsReader.cpp" />
		<Unit filename="sr/base/TestFactionsReader.hpp" />
		<Unit filename="sr/base/bsa/BSA.cpp" />
		<Unit filename="sr/base/bsa/BSAFileRecord.cpp" />
		<Unit filename="sr/base/bsa/BSAFolderBlock.cpp" />
		<Unit filename="sr/base/bsa/BSAFolderRecord.cpp" />
		<Unit filename="sr/base/bsa/BSAHeader.cpp" />
		<Unit filename="sr/base/records/AcousticSpaceRecord.cpp" />
		<Unit filename="sr/base/records/ActionRecord.cpp" />
		<Unit filename="sr/base/records/ActivatorRecord.cpp" />
		<Unit filename="sr/base/records/AddOnNodeRecord.cpp" />
		<Unit filename="sr/base/records/AlchemyPotionRecord.cpp" />
		<Unit filename="sr/base/records/AmmunitionRecord.cpp" />
		<Unit filename="sr/base/records/AnimatedObjectRecord.cpp" />
		<Unit filename="sr/base/records/ApparatusRecord.cpp" />
		<Unit filename="sr/base/records/ArmourRecord.cpp" />
		<Unit filename="sr/base/records/BasicRecord.cpp" />
		<Unit filename="sr/base/records/BinarySubRecord.cpp" />
		<Unit filename="sr/base/records/BinarySubRecordExtended.cpp" />
		<Unit filename="sr/base/records/BookRecord.cpp" />
		<Unit filename="sr/base/records/CTDAData.cpp" />
		<Unit filename="sr/base/records/CTDA_CISx_compound.cpp" />
		<Unit filename="sr/base/records/CameraShotRecord.cpp" />
		<Unit filename="sr/base/records/CellRecord.cpp" />
		<Unit filename="sr/base/records/CellRecord_SubrecordXCLC.cpp" />
		<Unit filename="sr/base/records/ComponentData.cpp" />
		<Unit filename="sr/base/records/ContainerRecord.cpp" />
		<Unit filename="sr/base/records/DestructionData.cpp" />
		<Unit filename="sr/base/records/DestructionStage.cpp" />
		<Unit filename="sr/base/records/EffectBlock.cpp" />
		<Unit filename="sr/base/records/FactionRecord.cpp" />
		<Unit filename="sr/base/records/FactionRecord_InterfactionRelation.cpp" />
		<Unit filename="sr/base/records/FactionRecord_RankData.cpp" />
		<Unit filename="sr/base/records/FactionRecord_VendorData.cpp" />
		<Unit filename="sr/base/records/FloraRecord.cpp" />
		<Unit filename="sr/base/records/FurnitureRecord.cpp" />
		<Unit filename="sr/base/records/GenericRecord.cpp" />
		<Unit filename="sr/base/records/GroupData.cpp" />
		<Unit filename="sr/base/records/IngredientRecord.cpp" />
		<Unit filename="sr/base/records/KeyRecord.cpp" />
		<Unit filename="sr/base/records/KeywordRecord.cpp" />
		<Unit filename="sr/base/records/LocalizedString.cpp" />
		<Unit filename="sr/base/records/MiscObjectRecord.cpp" />
		<Unit filename="sr/base/records/NAVIRecord.cpp" />
		<Unit filename="sr/base/records/NPCRecord.cpp" />
		<Unit filename="sr/base/records/NPCRecord_CSDXstruct.cpp" />
		<Unit filename="sr/base/records/NPCRecord_FactionElem.cpp" />
		<Unit filename="sr/base/records/NPCRecord_PerkElem.cpp" />
		<Unit filename="sr/base/records/NPCRecord_TINXstructure.cpp" />
		<Unit filename="sr/base/records/PerkRecord.cpp" />
		<Unit filename="sr/base/records/QuestRecord.cpp" />
		<Unit filename="sr/base/records/ScrollRecord.cpp" />
		<Unit filename="sr/base/records/ShoutRecord.cpp" />
		<Unit filename="sr/base/records/SimplifiedReferenceRecord.cpp" />
		<Unit filename="sr/base/records/SoulGemRecord.cpp" />
		<Unit filename="sr/base/records/SpellItem.cpp" />
		<Unit filename="sr/base/records/SpellRecord.cpp" />
		<Unit filename="sr/base/records/TalkingActivatorRecord.cpp" />
		<Unit filename="sr/base/records/Tes4HeaderRecord.cpp" />
		<Unit filename="sr/base/records/TreeRecord.cpp" />
		<Unit filename="sr/base/records/WeaponRecord.cpp" />
		<Unit filename="sr/base/records/WordOfPowerRecord.cpp" />
		<Unit filename="sr/base/records/WorldSpaceRecord.cpp" />
		<Unit filename="sr/base/records/WrongStringType.cpp" />
		<Unit filename="sr/base/records/quest/AliasEntry.cpp" />
		<Unit filename="sr/base/records/quest/IndexEntry.cpp" />
		<Unit filename="sr/base/records/quest/QOBJEntry.cpp" />
		<Unit filename="sr/base/records/quest/QSDTRecord.cpp" />
		<Unit filename="sr/base/records/quest/QSTAEntry.cpp" />
		<Unit filename="sr/bsa_cli/commands/ArgumentParsingUtilities.cpp" />
		<Unit filename="sr/bsa_cli/commands/CommandFactory.cpp" />
		<Unit filename="sr/bsa_cli/commands/Commands.cpp" />
		<Unit filename="sr/bsa_cli/commands/ExtractAll.cpp" />
		<Unit filename="sr/bsa_cli/commands/ExtractFile.cpp" />
		<Unit filename="sr/bsa_cli/commands/ExtractFolder.cpp" />
		<Unit filename="sr/bsa_cli/commands/Folders.cpp" />
		<Unit filename="sr/bsa_cli/commands/Help.cpp" />
		<Unit filename="sr/bsa_cli/commands/Info.cpp" />
		<Unit filename="sr/bsa_cli/commands/List.cpp" />
		<Unit filename="sr/bsa_cli/commands/Operations.cpp" />
		<Unit filename="sr/formID_finder/AuxFunctions.cpp" />
		<Extensions>
			<lib_finder disable_auto="1" />
		</Extensions>
	</Project>
</CodeBlocks_project_file>
