<?xml version="1.0" encoding="UTF-8" standalone="yes" ?>
<CodeBlocks_project_file>
	<FileVersion major="1" minor="6" />
	<Project>
		<Option title="component-tests" />
		<Option pch_mode="2" />
		<Option compiler="gcc" />
		<Build>
			<Target title="Release">
				<Option output="bin/Release/component-tests" prefix_auto="1" extension_auto="1" />
				<Option object_output="obj/Release/" />
				<Option type="1" />
				<Option compiler="gcc" />
				<Compiler>
					<Add option="-O2" />
				</Compiler>
				<Linker>
					<Add option="-s" />
				</Linker>
			</Target>
		</Build>
		<Compiler>
			<Add option="-Wshadow" />
			<Add option="-Wunreachable-code" />
			<Add option="-Weffc++" />
			<Add option="-Wzero-as-null-pointer-constant" />
			<Add option="-pedantic-errors" />
			<Add option="-pedantic" />
			<Add option="-Wextra" />
			<Add option="-Wall" />
			<Add option="-std=c++17" />
			<Add option="-fexceptions" />
		</Compiler>
		<Linker>
			<Add library="z" />
			<Add library="lz4" />
		</Linker>
		<Unit filename="../../lib/base/BufferStream.hpp" />
		<Unit filename="../../lib/base/ByteBuffer.cpp" />
		<Unit filename="../../lib/base/ByteBuffer.hpp" />
		<Unit filename="../../lib/base/ComparisonFunctor.hpp" />
		<Unit filename="../../lib/base/CompressionFunctions.cpp" />
		<Unit filename="../../lib/base/CompressionFunctions.hpp" />
		<Unit filename="../../lib/base/DirectoryFunctions.cpp" />
		<Unit filename="../../lib/base/DirectoryFunctions.hpp" />
		<Unit filename="../../lib/base/FileFunctions.cpp" />
		<Unit filename="../../lib/base/FileFunctions.hpp" />
		<Unit filename="../../lib/base/RandomFunctions.cpp" />
		<Unit filename="../../lib/base/RandomFunctions.hpp" />
		<Unit filename="../../lib/base/RegistryFunctions.cpp" />
		<Unit filename="../../lib/base/RegistryFunctions.hpp" />
		<Unit filename="../../lib/base/SlashFunctions.cpp" />
		<Unit filename="../../lib/base/SlashFunctions.hpp" />
		<Unit filename="../../lib/base/UtilityFunctions.cpp" />
		<Unit filename="../../lib/base/UtilityFunctions.hpp" />
		<Unit filename="../../lib/base/lz4Compression.cpp" />
		<Unit filename="../../lib/base/lz4Compression.hpp" />
		<Unit filename="../../lib/mw/DepFiles.cpp" />
		<Unit filename="../../lib/mw/DepFiles.hpp" />
		<Unit filename="../../lib/mw/ESMReader.cpp" />
		<Unit filename="../../lib/mw/ESMReader.hpp" />
		<Unit filename="../../lib/mw/ESMReaderGeneric.cpp" />
		<Unit filename="../../lib/mw/ESMReaderGeneric.hpp" />
		<Unit filename="../../lib/mw/Enchantment.cpp" />
		<Unit filename="../../lib/mw/Enchantment.hpp" />
		<Unit filename="../../lib/mw/HelperIO.cpp" />
		<Unit filename="../../lib/mw/HelperIO.hpp" />
		<Unit filename="../../lib/mw/MW_Constants.hpp" />
		<Unit filename="../../lib/mw/MagicEffects.cpp" />
		<Unit filename="../../lib/mw/MagicEffects.hpp" />
		<Unit filename="../../lib/mw/MapBasedRecordManager.hpp" />
		<Unit filename="../../lib/mw/SetBasedRecordManager.hpp" />
		<Unit filename="../../lib/mw/Skills.cpp" />
		<Unit filename="../../lib/mw/Skills.hpp" />
		<Unit filename="../../lib/mw/records/AIData.cpp" />
		<Unit filename="../../lib/mw/records/AIData.hpp" />
		<Unit filename="../../lib/mw/records/AIPackages.cpp" />
		<Unit filename="../../lib/mw/records/AIPackages.hpp" />
		<Unit filename="../../lib/mw/records/ActivatorRecord.cpp" />
		<Unit filename="../../lib/mw/records/ActivatorRecord.hpp" />
		<Unit filename="../../lib/mw/records/AlchemyPotionRecord.cpp" />
		<Unit filename="../../lib/mw/records/AlchemyPotionRecord.hpp" />
		<Unit filename="../../lib/mw/records/ApparatusRecord.cpp" />
		<Unit filename="../../lib/mw/records/ApparatusRecord.hpp" />
		<Unit filename="../../lib/mw/records/ArmourRecord.cpp" />
		<Unit filename="../../lib/mw/records/ArmourRecord.hpp" />
		<Unit filename="../../lib/mw/records/BasicRecord.cpp" />
		<Unit filename="../../lib/mw/records/BasicRecord.hpp" />
		<Unit filename="../../lib/mw/records/BodyPartAssociation.cpp" />
		<Unit filename="../../lib/mw/records/BodyPartAssociation.hpp" />
		<Unit filename="../../lib/mw/records/BodyPartRecord.cpp" />
		<Unit filename="../../lib/mw/records/BodyPartRecord.hpp" />
		<Unit filename="../../lib/mw/records/BookRecord.cpp" />
		<Unit filename="../../lib/mw/records/BookRecord.hpp" />
		<Unit filename="../../lib/mw/records/CellRecord.cpp" />
		<Unit filename="../../lib/mw/records/CellRecord.hpp" />
		<Unit filename="../../lib/mw/records/ClothingRecord.cpp" />
		<Unit filename="../../lib/mw/records/ClothingRecord.hpp" />
		<Unit filename="../../lib/mw/records/ContainerRecord.cpp" />
		<Unit filename="../../lib/mw/records/ContainerRecord.hpp" />
		<Unit filename="../../lib/mw/records/CreatureRecord.cpp" />
		<Unit filename="../../lib/mw/records/CreatureRecord.hpp" />
		<Unit filename="../../lib/mw/records/DialogueInfoRecord.cpp" />
		<Unit filename="../../lib/mw/records/DialogueInfoRecord.hpp" />
		<Unit filename="../../lib/mw/records/DialogueTopicRecord.cpp" />
		<Unit filename="../../lib/mw/records/DialogueTopicRecord.hpp" />
		<Unit filename="../../lib/mw/records/DoorRecord.cpp" />
		<Unit filename="../../lib/mw/records/DoorRecord.hpp" />
		<Unit filename="../../lib/mw/records/GameSettingRecord.cpp" />
		<Unit filename="../../lib/mw/records/GameSettingRecord.hpp" />
		<Unit filename="../../lib/mw/records/GenericRecord.cpp" />
		<Unit filename="../../lib/mw/records/GenericRecord.hpp" />
		<Unit filename="../../lib/mw/records/GlobalRecord.cpp" />
		<Unit filename="../../lib/mw/records/GlobalRecord.hpp" />
		<Unit filename="../../lib/mw/records/IngredientRecord.cpp" />
		<Unit filename="../../lib/mw/records/IngredientRecord.hpp" />
		<Unit filename="../../lib/mw/records/ItemRecord.cpp" />
		<Unit filename="../../lib/mw/records/ItemRecord.hpp" />
		<Unit filename="../../lib/mw/records/LightRecord.cpp" />
		<Unit filename="../../lib/mw/records/LightRecord.hpp" />
		<Unit filename="../../lib/mw/records/LockpickRecord.cpp" />
		<Unit filename="../../lib/mw/records/LockpickRecord.hpp" />
		<Unit filename="../../lib/mw/records/MagicEffectRecord.cpp" />
		<Unit filename="../../lib/mw/records/MagicEffectRecord.hpp" />
		<Unit filename="../../lib/mw/records/MiscItemRecord.cpp" />
		<Unit filename="../../lib/mw/records/MiscItemRecord.hpp" />
		<Unit filename="../../lib/mw/records/NPCRecord.cpp" />
		<Unit filename="../../lib/mw/records/NPCRecord.hpp" />
		<Unit filename="../../lib/mw/records/PathGridRecord.cpp" />
		<Unit filename="../../lib/mw/records/PathGridRecord.hpp" />
		<Unit filename="../../lib/mw/records/PreNPCRecord.cpp" />
		<Unit filename="../../lib/mw/records/PreNPCRecord.hpp" />
		<Unit filename="../../lib/mw/records/ProbeRecord.cpp" />
		<Unit filename="../../lib/mw/records/ProbeRecord.hpp" />
		<Unit filename="../../lib/mw/records/ReferencedObject.cpp" />
		<Unit filename="../../lib/mw/records/ReferencedObject.hpp" />
		<Unit filename="../../lib/mw/records/RegionRecord.cpp" />
		<Unit filename="../../lib/mw/records/RegionRecord.hpp" />
		<Unit filename="../../lib/mw/records/RepairItemRecord.cpp" />
		<Unit filename="../../lib/mw/records/RepairItemRecord.hpp" />
		<Unit filename="../../lib/mw/records/ScriptRecord.cpp" />
		<Unit filename="../../lib/mw/records/ScriptRecord.hpp" />
		<Unit filename="../../lib/mw/records/SkillRecord.cpp" />
		<Unit filename="../../lib/mw/records/SkillRecord.hpp" />
		<Unit filename="../../lib/mw/records/SpellRecord.cpp" />
		<Unit filename="../../lib/mw/records/SpellRecord.hpp" />
		<Unit filename="../../lib/mw/records/StartScriptRecord.cpp" />
		<Unit filename="../../lib/mw/records/StartScriptRecord.hpp" />
		<Unit filename="../../lib/mw/records/StaticRecord.cpp" />
		<Unit filename="../../lib/mw/records/StaticRecord.hpp" />
		<Unit filename="../../lib/mw/records/TES3Record.cpp" />
		<Unit filename="../../lib/mw/records/TES3Record.hpp" />
		<Unit filename="../../lib/mw/records/TravelDestination.cpp" />
		<Unit filename="../../lib/mw/records/TravelDestination.hpp" />
		<Unit filename="../../lib/mw/records/WeaponRecord.cpp" />
		<Unit filename="../../lib/mw/records/WeaponRecord.hpp" />
		<Unit filename="../../lib/sr/DependencySolver.cpp" />
		<Unit filename="../../lib/sr/DependencySolver.hpp" />
		<Unit filename="../../lib/sr/ESMFileContents.cpp" />
		<Unit filename="../../lib/sr/ESMFileContents.hpp" />
		<Unit filename="../../lib/sr/ESMReader.cpp" />
		<Unit filename="../../lib/sr/ESMReader.hpp" />
		<Unit filename="../../lib/sr/ESMReaderReIndex.cpp" />
		<Unit filename="../../lib/sr/ESMReaderReIndex.hpp" />
		<Unit filename="../../lib/sr/ESMReaderSingleType.hpp" />
		<Unit filename="../../lib/sr/Factions.hpp" />
		<Unit filename="../../lib/sr/FormIDFunctions.cpp" />
		<Unit filename="../../lib/sr/FormIDFunctions.hpp" />
		<Unit filename="../../lib/sr/Group.cpp" />
		<Unit filename="../../lib/sr/Group.hpp" />
		<Unit filename="../../lib/sr/Localization.cpp" />
		<Unit filename="../../lib/sr/Localization.hpp" />
		<Unit filename="../../lib/sr/MapBasedRecordManager.hpp" />
		<Unit filename="../../lib/sr/SR_Constants.hpp" />
		<Unit filename="../../lib/sr/StringTable.cpp" />
		<Unit filename="../../lib/sr/StringTable.hpp" />
		<Unit filename="../../lib/sr/TableUtilities.cpp" />
		<Unit filename="../../lib/sr/TableUtilities.hpp" />
		<Unit filename="../../lib/sr/bsa/BSA.cpp" />
		<Unit filename="../../lib/sr/bsa/BSA.hpp" />
		<Unit filename="../../lib/sr/bsa/BSADirectoryBlock.cpp" />
		<Unit filename="../../lib/sr/bsa/BSADirectoryBlock.hpp" />
		<Unit filename="../../lib/sr/bsa/BSADirectoryRecord.cpp" />
		<Unit filename="../../lib/sr/bsa/BSADirectoryRecord.hpp" />
		<Unit filename="../../lib/sr/bsa/BSAFileRecord.cpp" />
		<Unit filename="../../lib/sr/bsa/BSAFileRecord.hpp" />
		<Unit filename="../../lib/sr/bsa/BSAHash.cpp" />
		<Unit filename="../../lib/sr/bsa/BSAHash.hpp" />
		<Unit filename="../../lib/sr/bsa/BSAHeader.cpp" />
		<Unit filename="../../lib/sr/bsa/BSAHeader.hpp" />
		<Unit filename="../../lib/sr/records/AcousticSpaceRecord.cpp" />
		<Unit filename="../../lib/sr/records/AcousticSpaceRecord.hpp" />
		<Unit filename="../../lib/sr/records/ActionRecord.cpp" />
		<Unit filename="../../lib/sr/records/ActionRecord.hpp" />
		<Unit filename="../../lib/sr/records/ActivatorRecord.cpp" />
		<Unit filename="../../lib/sr/records/ActivatorRecord.hpp" />
		<Unit filename="../../lib/sr/records/AddOnNodeRecord.cpp" />
		<Unit filename="../../lib/sr/records/AddOnNodeRecord.hpp" />
		<Unit filename="../../lib/sr/records/AlchemyPotionRecord.cpp" />
		<Unit filename="../../lib/sr/records/AlchemyPotionRecord.hpp" />
		<Unit filename="../../lib/sr/records/AmmunitionRecord.cpp" />
		<Unit filename="../../lib/sr/records/AmmunitionRecord.hpp" />
		<Unit filename="../../lib/sr/records/AnimatedObjectRecord.cpp" />
		<Unit filename="../../lib/sr/records/AnimatedObjectRecord.hpp" />
		<Unit filename="../../lib/sr/records/ApparatusRecord.cpp" />
		<Unit filename="../../lib/sr/records/ApparatusRecord.hpp" />
		<Unit filename="../../lib/sr/records/ArmourRecord.cpp" />
		<Unit filename="../../lib/sr/records/ArmourRecord.hpp" />
		<Unit filename="../../lib/sr/records/BasicRecord.cpp" />
		<Unit filename="../../lib/sr/records/BasicRecord.hpp" />
		<Unit filename="../../lib/sr/records/BinarySubRecord.cpp" />
		<Unit filename="../../lib/sr/records/BinarySubRecord.hpp" />
		<Unit filename="../../lib/sr/records/BinarySubRecordExtended.cpp" />
		<Unit filename="../../lib/sr/records/BinarySubRecordExtended.hpp" />
		<Unit filename="../../lib/sr/records/BookRecord.cpp" />
		<Unit filename="../../lib/sr/records/BookRecord.hpp" />
		<Unit filename="../../lib/sr/records/CTDAData.cpp" />
		<Unit filename="../../lib/sr/records/CTDAData.hpp" />
		<Unit filename="../../lib/sr/records/CameraShotRecord.cpp" />
		<Unit filename="../../lib/sr/records/CameraShotRecord.hpp" />
		<Unit filename="../../lib/sr/records/CellRecord.cpp" />
		<Unit filename="../../lib/sr/records/CellRecord.hpp" />
		<Unit filename="../../lib/sr/records/ComponentData.cpp" />
		<Unit filename="../../lib/sr/records/ComponentData.hpp" />
		<Unit filename="../../lib/sr/records/ContainerRecord.cpp" />
		<Unit filename="../../lib/sr/records/ContainerRecord.hpp" />
		<Unit filename="../../lib/sr/records/DestructionData.cpp" />
		<Unit filename="../../lib/sr/records/DestructionData.hpp" />
		<Unit filename="../../lib/sr/records/EffectBlock.cpp" />
		<Unit filename="../../lib/sr/records/EffectBlock.hpp" />
		<Unit filename="../../lib/sr/records/FactionRecord.cpp" />
		<Unit filename="../../lib/sr/records/FactionRecord.hpp" />
		<Unit filename="../../lib/sr/records/FloraRecord.cpp" />
		<Unit filename="../../lib/sr/records/FloraRecord.hpp" />
		<Unit filename="../../lib/sr/records/FormListRecord.cpp" />
		<Unit filename="../../lib/sr/records/FormListRecord.hpp" />
		<Unit filename="../../lib/sr/records/FurnitureRecord.cpp" />
		<Unit filename="../../lib/sr/records/FurnitureRecord.hpp" />
		<Unit filename="../../lib/sr/records/GenericRecord.cpp" />
		<Unit filename="../../lib/sr/records/GenericRecord.hpp" />
		<Unit filename="../../lib/sr/records/GroupData.cpp" />
		<Unit filename="../../lib/sr/records/GroupData.hpp" />
		<Unit filename="../../lib/sr/records/IngredientRecord.cpp" />
		<Unit filename="../../lib/sr/records/IngredientRecord.hpp" />
		<Unit filename="../../lib/sr/records/KeyRecord.cpp" />
		<Unit filename="../../lib/sr/records/KeyRecord.hpp" />
		<Unit filename="../../lib/sr/records/KeywordRecord.cpp" />
		<Unit filename="../../lib/sr/records/KeywordRecord.hpp" />
		<Unit filename="../../lib/sr/records/LocalizedString.cpp" />
		<Unit filename="../../lib/sr/records/LocalizedString.hpp" />
		<Unit filename="../../lib/sr/records/MiscObjectRecord.cpp" />
		<Unit filename="../../lib/sr/records/MiscObjectRecord.hpp" />
		<Unit filename="../../lib/sr/records/NAVIRecord.cpp" />
		<Unit filename="../../lib/sr/records/NAVIRecord.hpp" />
		<Unit filename="../../lib/sr/records/NPCRecord.cpp" />
		<Unit filename="../../lib/sr/records/NPCRecord.hpp" />
		<Unit filename="../../lib/sr/records/PerkRecord.cpp" />
		<Unit filename="../../lib/sr/records/PerkRecord.hpp" />
		<Unit filename="../../lib/sr/records/QuestRecord.cpp" />
		<Unit filename="../../lib/sr/records/QuestRecord.hpp" />
		<Unit filename="../../lib/sr/records/RaceRecord.cpp" />
		<Unit filename="../../lib/sr/records/RaceRecord.hpp" />
		<Unit filename="../../lib/sr/records/ScrollRecord.cpp" />
		<Unit filename="../../lib/sr/records/ScrollRecord.hpp" />
		<Unit filename="../../lib/sr/records/ShoutRecord.cpp" />
		<Unit filename="../../lib/sr/records/ShoutRecord.hpp" />
		<Unit filename="../../lib/sr/records/SimplifiedReferenceRecord.cpp" />
		<Unit filename="../../lib/sr/records/SimplifiedReferenceRecord.hpp" />
		<Unit filename="../../lib/sr/records/SoulGemRecord.cpp" />
		<Unit filename="../../lib/sr/records/SoulGemRecord.hpp" />
		<Unit filename="../../lib/sr/records/SpellItem.cpp" />
		<Unit filename="../../lib/sr/records/SpellItem.hpp" />
		<Unit filename="../../lib/sr/records/SpellRecord.cpp" />
		<Unit filename="../../lib/sr/records/SpellRecord.hpp" />
		<Unit filename="../../lib/sr/records/SubBlock.hpp" />
		<Unit filename="../../lib/sr/records/TES4HeaderRecord.cpp" />
		<Unit filename="../../lib/sr/records/TES4HeaderRecord.hpp" />
		<Unit filename="../../lib/sr/records/TalkingActivatorRecord.cpp" />
		<Unit filename="../../lib/sr/records/TalkingActivatorRecord.hpp" />
		<Unit filename="../../lib/sr/records/TreeRecord.cpp" />
		<Unit filename="../../lib/sr/records/TreeRecord.hpp" />
		<Unit filename="../../lib/sr/records/WeaponRecord.cpp" />
		<Unit filename="../../lib/sr/records/WeaponRecord.hpp" />
		<Unit filename="../../lib/sr/records/WordOfPowerRecord.cpp" />
		<Unit filename="../../lib/sr/records/WordOfPowerRecord.hpp" />
		<Unit filename="../../lib/sr/records/WorldSpaceRecord.cpp" />
		<Unit filename="../../lib/sr/records/WorldSpaceRecord.hpp" />
		<Unit filename="../../lib/sr/records/quest/AliasEntry.cpp" />
		<Unit filename="../../lib/sr/records/quest/AliasEntry.hpp" />
		<Unit filename="../../lib/sr/records/quest/IndexEntry.cpp" />
		<Unit filename="../../lib/sr/records/quest/IndexEntry.hpp" />
		<Unit filename="../../lib/sr/records/quest/QOBJEntry.cpp" />
		<Unit filename="../../lib/sr/records/quest/QOBJEntry.hpp" />
		<Unit filename="../../lib/sr/records/quest/QSDTRecord.cpp" />
		<Unit filename="../../lib/sr/records/quest/QSDTRecord.hpp" />
		<Unit filename="../../lib/sr/records/quest/QSTAEntry.cpp" />
		<Unit filename="../../lib/sr/records/quest/QSTAEntry.hpp" />
		<Unit filename="../../sr/bsa_cli/commands/ArgumentParsingUtilities.cpp" />
		<Unit filename="../../sr/bsa_cli/commands/ArgumentParsingUtilities.hpp" />
		<Unit filename="../../sr/bsa_cli/commands/CheckHashes.cpp" />
		<Unit filename="../../sr/bsa_cli/commands/CheckHashes.hpp" />
		<Unit filename="../../sr/bsa_cli/commands/Command.hpp" />
		<Unit filename="../../sr/bsa_cli/commands/CommandFactory.cpp" />
		<Unit filename="../../sr/bsa_cli/commands/CommandFactory.hpp" />
		<Unit filename="../../sr/bsa_cli/commands/Commands.cpp" />
		<Unit filename="../../sr/bsa_cli/commands/Commands.hpp" />
		<Unit filename="../../sr/bsa_cli/commands/Directories.cpp" />
		<Unit filename="../../sr/bsa_cli/commands/Directories.hpp" />
		<Unit filename="../../sr/bsa_cli/commands/DirectoryMetadata.cpp" />
		<Unit filename="../../sr/bsa_cli/commands/DirectoryMetadata.hpp" />
		<Unit filename="../../sr/bsa_cli/commands/ExtractAll.cpp" />
		<Unit filename="../../sr/bsa_cli/commands/ExtractAll.hpp" />
		<Unit filename="../../sr/bsa_cli/commands/ExtractDirectory.cpp" />
		<Unit filename="../../sr/bsa_cli/commands/ExtractDirectory.hpp" />
		<Unit filename="../../sr/bsa_cli/commands/ExtractFile.cpp" />
		<Unit filename="../../sr/bsa_cli/commands/ExtractFile.hpp" />
		<Unit filename="../../sr/bsa_cli/commands/FileMetadata.cpp" />
		<Unit filename="../../sr/bsa_cli/commands/FileMetadata.hpp" />
		<Unit filename="../../sr/bsa_cli/commands/Help.cpp" />
		<Unit filename="../../sr/bsa_cli/commands/Help.hpp" />
		<Unit filename="../../sr/bsa_cli/commands/Info.cpp" />
		<Unit filename="../../sr/bsa_cli/commands/Info.hpp" />
		<Unit filename="../../sr/bsa_cli/commands/List.cpp" />
		<Unit filename="../../sr/bsa_cli/commands/List.hpp" />
		<Unit filename="../../sr/bsa_cli/commands/Operations.cpp" />
		<Unit filename="../../sr/bsa_cli/commands/Operations.hpp" />
		<Unit filename="../../sr/formID_finder/AuxFunctions.cpp" />
		<Unit filename="../../sr/formID_finder/AuxFunctions.hpp" />
		<Unit filename="base/BufferStream.cpp" />
		<Unit filename="base/ByteBuffer.cpp" />
		<Unit filename="base/ComparisonFunctor.cpp" />
		<Unit filename="base/CompressionFunctions.cpp" />
		<Unit filename="base/DirectoryFunctions.cpp" />
		<Unit filename="base/FileFunctions.cpp" />
		<Unit filename="base/RandomFunctions.cpp" />
		<Unit filename="base/RegistryFunctions.cpp" />
		<Unit filename="base/SlashFunctions.cpp" />
		<Unit filename="base/UtilityFunctions.cpp" />
		<Unit filename="base/lz4Compression.cpp" />
		<Unit filename="locate_catch.hpp" />
		<Unit filename="main.cpp" />
		<Unit filename="mw/DepFile.cpp" />
		<Unit filename="mw/DepFileList.cpp" />
		<Unit filename="mw/ESMReader.cpp" />
		<Unit filename="mw/ESMReaderGeneric.cpp" />
		<Unit filename="mw/EnchantmentData.cpp" />
		<Unit filename="mw/HelperIO.cpp" />
		<Unit filename="mw/MagicEffects.cpp" />
		<Unit filename="mw/MapBasedRecordManager.cpp" />
		<Unit filename="mw/SetBasedRecordManager.cpp" />
		<Unit filename="mw/Skills.cpp" />
		<Unit filename="mw/records/AIData.cpp" />
		<Unit filename="mw/records/ActivatorRecord.cpp" />
		<Unit filename="mw/records/AlchemyPotionRecord.cpp" />
		<Unit filename="mw/records/AmbientLight.cpp" />
		<Unit filename="mw/records/ApparatusRecord.cpp" />
		<Unit filename="mw/records/ArmourRecord.cpp" />
		<Unit filename="mw/records/BasicRecord.cpp" />
		<Unit filename="mw/records/BodyPartAssociation.cpp" />
		<Unit filename="mw/records/BodyPartRecord.cpp" />
		<Unit filename="mw/records/BookRecord.cpp" />
		<Unit filename="mw/records/CellRecord.cpp" />
		<Unit filename="mw/records/ClothingRecord.cpp" />
		<Unit filename="mw/records/ContainerRecord.cpp" />
		<Unit filename="mw/records/CreatureRecord.cpp" />
		<Unit filename="mw/records/DialogueInfoRecord.cpp" />
		<Unit filename="mw/records/DialogueTopicRecord.cpp" />
		<Unit filename="mw/records/DoorRecord.cpp" />
		<Unit filename="mw/records/FuncVarRecord.cpp" />
		<Unit filename="mw/records/GameSettingRecord.cpp" />
		<Unit filename="mw/records/GenericRecord.cpp" />
		<Unit filename="mw/records/GlobalRecord.cpp" />
		<Unit filename="mw/records/GridConnection.cpp" />
		<Unit filename="mw/records/GridPointData.cpp" />
		<Unit filename="mw/records/IngredientRecord.cpp" />
		<Unit filename="mw/records/ItemRecord.cpp" />
		<Unit filename="mw/records/LightRecord.cpp" />
		<Unit filename="mw/records/LockpickRecord.cpp" />
		<Unit filename="mw/records/MagicEffectRecord.cpp" />
		<Unit filename="mw/records/MiscItemRecord.cpp" />
		<Unit filename="mw/records/NPCRecord.cpp" />
		<Unit filename="mw/records/NPC_AIActivate.cpp" />
		<Unit filename="mw/records/NPC_AIEscort.cpp" />
		<Unit filename="mw/records/NPC_AIFollow.cpp" />
		<Unit filename="mw/records/NPC_AITravel.cpp" />
		<Unit filename="mw/records/NPC_AIWander.cpp" />
		<Unit filename="mw/records/PathGridRecord.cpp" />
		<Unit filename="mw/records/PreNPCRecord.cpp" />
		<Unit filename="mw/records/ProbeRecord.cpp" />
		<Unit filename="mw/records/RefDoorData.cpp" />
		<Unit filename="mw/records/ReferencedObject.cpp" />
		<Unit filename="mw/records/RegionRecord.cpp" />
		<Unit filename="mw/records/RepairItemRecord.cpp" />
		<Unit filename="mw/records/ScriptRecord.cpp" />
		<Unit filename="mw/records/SkillRecord.cpp" />
		<Unit filename="mw/records/SoundChanceRecord.cpp" />
		<Unit filename="mw/records/SpellRecord.cpp" />
		<Unit filename="mw/records/StartScriptRecord.cpp" />
		<Unit filename="mw/records/StaticRecord.cpp" />
		<Unit filename="mw/records/TES3Record.cpp" />
		<Unit filename="mw/records/TravelDestination.cpp" />
		<Unit filename="mw/records/WeaponRecord.cpp" />
		<Unit filename="sr/DependencyElement.cpp" />
		<Unit filename="sr/ESMFileContents.cpp" />
		<Unit filename="sr/ESMReader.cpp" />
		<Unit filename="sr/ESMReaderReIndexMod.cpp" />
		<Unit filename="sr/FormIDFunctions.cpp" />
		<Unit filename="sr/Localization.cpp" />
		<Unit filename="sr/MapBasedRecordManager.cpp" />
		<Unit filename="sr/StringTable.cpp" />
		<Unit filename="sr/TableUtilities.cpp" />
		<Unit filename="sr/TestFactionsReader.cpp" />
		<Unit filename="sr/TestFactionsReader.hpp" />
		<Unit filename="sr/TestReaderReIndexMod.cpp" />
		<Unit filename="sr/TestReaderReIndexMod.hpp" />
		<Unit filename="sr/bsa/BSA.cpp" />
		<Unit filename="sr/bsa/BSADirectoryBlock.cpp" />
		<Unit filename="sr/bsa/BSADirectoryRecord.cpp" />
		<Unit filename="sr/bsa/BSAFileRecord.cpp" />
		<Unit filename="sr/bsa/BSAHash.cpp" />
		<Unit filename="sr/bsa/BSAHeader.cpp" />
		<Unit filename="sr/records/AcousticSpaceRecord.cpp" />
		<Unit filename="sr/records/ActionRecord.cpp" />
		<Unit filename="sr/records/ActivatorRecord.cpp" />
		<Unit filename="sr/records/AddOnNodeRecord.cpp" />
		<Unit filename="sr/records/AlchemyPotionRecord.cpp" />
		<Unit filename="sr/records/AmmunitionRecord.cpp" />
		<Unit filename="sr/records/AnimatedObjectRecord.cpp" />
		<Unit filename="sr/records/ApparatusRecord.cpp" />
		<Unit filename="sr/records/ArmourRecord.cpp" />
		<Unit filename="sr/records/BasicRecord.cpp" />
		<Unit filename="sr/records/BinarySubRecord.cpp" />
		<Unit filename="sr/records/BinarySubRecordExtended.cpp" />
		<Unit filename="sr/records/BookRecord.cpp" />
		<Unit filename="sr/records/CTDAData.cpp" />
		<Unit filename="sr/records/CTDA_CISx_compound.cpp" />
		<Unit filename="sr/records/CameraShotRecord.cpp" />
		<Unit filename="sr/records/CellRecord.cpp" />
		<Unit filename="sr/records/CellRecord_SubrecordXCLC.cpp" />
		<Unit filename="sr/records/ComponentData.cpp" />
		<Unit filename="sr/records/ContainerRecord.cpp" />
		<Unit filename="sr/records/DestructionData.cpp" />
		<Unit filename="sr/records/DestructionStage.cpp" />
		<Unit filename="sr/records/EffectBlock.cpp" />
		<Unit filename="sr/records/FactionRecord.cpp" />
		<Unit filename="sr/records/FactionRecord_InterfactionRelation.cpp" />
		<Unit filename="sr/records/FactionRecord_RankData.cpp" />
		<Unit filename="sr/records/FactionRecord_VendorData.cpp" />
		<Unit filename="sr/records/FloraRecord.cpp" />
		<Unit filename="sr/records/FormListRecord.cpp" />
		<Unit filename="sr/records/FurnitureRecord.cpp" />
		<Unit filename="sr/records/GenericRecord.cpp" />
		<Unit filename="sr/records/GroupData.cpp" />
		<Unit filename="sr/records/IngredientRecord.cpp" />
		<Unit filename="sr/records/KeyRecord.cpp" />
		<Unit filename="sr/records/KeywordRecord.cpp" />
		<Unit filename="sr/records/LocalizedString.cpp" />
		<Unit filename="sr/records/MiscObjectRecord.cpp" />
		<Unit filename="sr/records/NAVIRecord.cpp" />
		<Unit filename="sr/records/NPCRecord.cpp" />
		<Unit filename="sr/records/NPCRecord_CSDXstruct.cpp" />
		<Unit filename="sr/records/NPCRecord_FactionElem.cpp" />
		<Unit filename="sr/records/NPCRecord_PerkElem.cpp" />
		<Unit filename="sr/records/NPCRecord_TINXstructure.cpp" />
		<Unit filename="sr/records/PerkRecord.cpp" />
		<Unit filename="sr/records/QuestRecord.cpp" />
		<Unit filename="sr/records/RaceRecord.cpp" />
		<Unit filename="sr/records/RaceRecord_RaceData.cpp" />
		<Unit filename="sr/records/ScrollRecord.cpp" />
		<Unit filename="sr/records/ShoutRecord.cpp" />
		<Unit filename="sr/records/SimplifiedReferenceRecord.cpp" />
		<Unit filename="sr/records/SoulGemRecord.cpp" />
		<Unit filename="sr/records/SpellItem.cpp" />
		<Unit filename="sr/records/SpellRecord.cpp" />
		<Unit filename="sr/records/SubBlock.cpp" />
		<Unit filename="sr/records/TalkingActivatorRecord.cpp" />
		<Unit filename="sr/records/Tes4HeaderRecord.cpp" />
		<Unit filename="sr/records/Tes4HeaderRecord__MasterFile.cpp" />
		<Unit filename="sr/records/TreeRecord.cpp" />
		<Unit filename="sr/records/WeaponRecord.cpp" />
		<Unit filename="sr/records/WordOfPowerRecord.cpp" />
		<Unit filename="sr/records/WorldSpaceRecord.cpp" />
		<Unit filename="sr/records/WrongStringType.cpp" />
		<Unit filename="sr/records/quest/AliasEntry.cpp" />
		<Unit filename="sr/records/quest/IndexEntry.cpp" />
		<Unit filename="sr/records/quest/QOBJEntry.cpp" />
		<Unit filename="sr/records/quest/QSDTRecord.cpp" />
		<Unit filename="sr/records/quest/QSTAEntry.cpp" />
		<Unit filename="sr/bsa_cli/commands/ArgumentParsingUtilities.cpp" />
		<Unit filename="sr/bsa_cli/commands/CheckHashes.cpp" />
		<Unit filename="sr/bsa_cli/commands/CommandFactory.cpp" />
		<Unit filename="sr/bsa_cli/commands/Commands.cpp" />
		<Unit filename="sr/bsa_cli/commands/Directories.cpp" />
		<Unit filename="sr/bsa_cli/commands/DirectoryMetadata.cpp" />
		<Unit filename="sr/bsa_cli/commands/ExtractAll.cpp" />
		<Unit filename="sr/bsa_cli/commands/ExtractDirectory.cpp" />
		<Unit filename="sr/bsa_cli/commands/ExtractFile.cpp" />
		<Unit filename="sr/bsa_cli/commands/FileMetadata.cpp" />
		<Unit filename="sr/bsa_cli/commands/Help.cpp" />
		<Unit filename="sr/bsa_cli/commands/Info.cpp" />
		<Unit filename="sr/bsa_cli/commands/List.cpp" />
		<Unit filename="sr/bsa_cli/commands/Operations.cpp" />
		<Unit filename="sr/formID_finder/AuxFunctions.cpp" />
		<Extensions>
			<lib_finder disable_auto="1" />
		</Extensions>
	</Project>
</CodeBlocks_project_file>
