<?xml version="1.0" encoding="UTF-8" standalone="yes" ?>
<CodeBlocks_project_file>
	<FileVersion major="1" minor="6" />
	<Project>
		<Option title="data_cleaner" />
		<Option pch_mode="2" />
		<Option compiler="gcc" />
		<Build>
			<Target title="Release">
				<Option output="bin/Release/data_cleaner" prefix_auto="1" extension_auto="1" />
				<Option object_output="obj/Release/" />
				<Option type="1" />
				<Option compiler="gcc" />
				<Compiler>
					<Add option="-O2" />
				</Compiler>
				<Linker>
					<Add option="-s" />
				</Linker>
			</Target>
		</Build>
		<Compiler>
			<Add option="-Weffc++" />
			<Add option="-pedantic" />
			<Add option="-Wall" />
			<Add option="-std=c++17" />
			<Add option="-fexceptions" />
			<Add option="-DMW_UNSAVEABLE_RECORDS" />
		</Compiler>
		<Unit filename="../../base/DirectoryFunctions.cpp" />
		<Unit filename="../../base/DirectoryFunctions.hpp" />
		<Unit filename="../../base/FileFunctions.cpp" />
		<Unit filename="../../base/FileFunctions.hpp" />
		<Unit filename="../../base/UtilityFunctions.cpp" />
		<Unit filename="../../base/UtilityFunctions.hpp" />
		<Unit filename="../base/DepFiles.cpp" />
		<Unit filename="../base/DepFiles.hpp" />
		<Unit filename="../base/ESMReader.cpp" />
		<Unit filename="../base/ESMReader.hpp" />
		<Unit filename="../base/Enchantment.cpp" />
		<Unit filename="../base/Enchantment.hpp" />
		<Unit filename="../base/HelperIO.cpp" />
		<Unit filename="../base/HelperIO.hpp" />
		<Unit filename="../base/IniFunctions.cpp" />
		<Unit filename="../base/IniFunctions.hpp" />
		<Unit filename="../base/MW_Constants.hpp" />
		<Unit filename="../base/ReturnCodes.hpp" />
		<Unit filename="../base/records/AIData.cpp" />
		<Unit filename="../base/records/AIData.hpp" />
		<Unit filename="../base/records/AIPackages.cpp" />
		<Unit filename="../base/records/AIPackages.hpp" />
		<Unit filename="../base/records/ActivatorRecord.cpp" />
		<Unit filename="../base/records/ActivatorRecord.hpp" />
		<Unit filename="../base/records/AlchemyPotionRecord.cpp" />
		<Unit filename="../base/records/AlchemyPotionRecord.hpp" />
		<Unit filename="../base/records/ApparatusRecord.cpp" />
		<Unit filename="../base/records/ApparatusRecord.hpp" />
		<Unit filename="../base/records/ArmourRecord.cpp" />
		<Unit filename="../base/records/ArmourRecord.hpp" />
		<Unit filename="../base/records/BasicRecord.cpp" />
		<Unit filename="../base/records/BasicRecord.hpp" />
		<Unit filename="../base/records/BodyPartAssociation.cpp" />
		<Unit filename="../base/records/BodyPartAssociation.hpp" />
		<Unit filename="../base/records/BodyPartRecord.cpp" />
		<Unit filename="../base/records/BodyPartRecord.hpp" />
		<Unit filename="../base/records/BookRecord.cpp" />
		<Unit filename="../base/records/BookRecord.hpp" />
		<Unit filename="../base/records/ClothingRecord.cpp" />
		<Unit filename="../base/records/ClothingRecord.hpp" />
		<Unit filename="../base/records/ContainerRecord.cpp" />
		<Unit filename="../base/records/ContainerRecord.hpp" />
		<Unit filename="../base/records/CreatureRecord.cpp" />
		<Unit filename="../base/records/CreatureRecord.hpp" />
		<Unit filename="../base/records/DoorRecord.cpp" />
		<Unit filename="../base/records/DoorRecord.hpp" />
		<Unit filename="../base/records/IngredientRecord.cpp" />
		<Unit filename="../base/records/IngredientRecord.hpp" />
		<Unit filename="../base/records/ItemRecord.cpp" />
		<Unit filename="../base/records/ItemRecord.hpp" />
		<Unit filename="../base/records/LightRecord.cpp" />
		<Unit filename="../base/records/LightRecord.hpp" />
		<Unit filename="../base/records/LockpickRecord.cpp" />
		<Unit filename="../base/records/LockpickRecord.hpp" />
		<Unit filename="../base/records/MiscItemRecord.cpp" />
		<Unit filename="../base/records/MiscItemRecord.hpp" />
		<Unit filename="../base/records/NPCRecord.cpp" />
		<Unit filename="../base/records/NPCRecord.hpp" />
		<Unit filename="../base/records/PreNPCRecord.cpp" />
		<Unit filename="../base/records/PreNPCRecord.hpp" />
		<Unit filename="../base/records/ProbeRecord.cpp" />
		<Unit filename="../base/records/ProbeRecord.hpp" />
		<Unit filename="../base/records/RepairItemRecord.cpp" />
		<Unit filename="../base/records/RepairItemRecord.hpp" />
		<Unit filename="../base/records/StaticRecord.cpp" />
		<Unit filename="../base/records/StaticRecord.hpp" />
		<Unit filename="../base/records/TES3Record.cpp" />
		<Unit filename="../base/records/TES3Record.hpp" />
		<Unit filename="../base/records/TravelDestination.cpp" />
		<Unit filename="../base/records/TravelDestination.hpp" />
		<Unit filename="../base/records/WeaponRecord.cpp" />
		<Unit filename="../base/records/WeaponRecord.hpp" />
		<Unit filename="DirectoryTraversal.cpp" />
		<Unit filename="DirectoryTraversal.hpp" />
		<Unit filename="ESMReaderCleaner.cpp" />
		<Unit filename="ESMReaderCleaner.hpp" />
		<Unit filename="main.cpp" />
		<Extensions />
	</Project>
</CodeBlocks_project_file>
