<?xml version="1.0" encoding="UTF-8" standalone="yes" ?>
<CodeBlocks_project_file>
	<FileVersion major="1" minor="6" />
	<Project>
		<Option title="bsa-cli" />
		<Option pch_mode="2" />
		<Option compiler="gcc" />
		<Build>
			<Target title="Debug">
				<Option output="bin/Debug/bsa-cli" prefix_auto="1" extension_auto="1" />
				<Option object_output="obj/Debug/" />
				<Option type="1" />
				<Option compiler="gcc" />
				<Compiler>
					<Add option="-g" />
				</Compiler>
			</Target>
			<Target title="Release">
				<Option output="bin/Release/bsa-cli" prefix_auto="1" extension_auto="1" />
				<Option object_output="obj/Release/" />
				<Option type="1" />
				<Option compiler="gcc" />
				<Compiler>
					<Add option="-O3" />
				</Compiler>
				<Linker>
					<Add option="-s" />
				</Linker>
			</Target>
		</Build>
		<Compiler>
			<Add option="-Weffc++" />
			<Add option="-pedantic" />
			<Add option="-Wextra" />
			<Add option="-Wall" />
			<Add option="-std=c++17" />
			<Add option="-fexceptions" />
		</Compiler>
		<Linker>
			<Add library="z" />
			<Add library="lz4" />
		</Linker>
		<Unit filename="../../base/CompressionFunctions.cpp" />
		<Unit filename="../../base/CompressionFunctions.hpp" />
		<Unit filename="../../base/DirectoryFunctions.cpp" />
		<Unit filename="../../base/DirectoryFunctions.hpp" />
		<Unit filename="../../base/FileFunctions.cpp" />
		<Unit filename="../../base/FileFunctions.hpp" />
		<Unit filename="../../base/SlashFunctions.cpp" />
		<Unit filename="../../base/SlashFunctions.hpp" />
		<Unit filename="../../base/UtilityFunctions.cpp" />
		<Unit filename="../../base/UtilityFunctions.hpp" />
		<Unit filename="../../base/lz4Compression.cpp" />
		<Unit filename="../../base/lz4Compression.hpp" />
		<Unit filename="../base/FormIDFunctions.cpp" />
		<Unit filename="../base/FormIDFunctions.hpp" />
		<Unit filename="../base/ReturnCodes.hpp" />
		<Unit filename="../base/bsa/BSA.cpp" />
		<Unit filename="../base/bsa/BSA.hpp" />
		<Unit filename="../base/bsa/BSAFileRecord.cpp" />
		<Unit filename="../base/bsa/BSAFileRecord.hpp" />
		<Unit filename="../base/bsa/BSAFolderBlock.cpp" />
		<Unit filename="../base/bsa/BSAFolderBlock.hpp" />
		<Unit filename="../base/bsa/BSAFolderRecord.cpp" />
		<Unit filename="../base/bsa/BSAFolderRecord.hpp" />
		<Unit filename="../base/bsa/BSAHeader.cpp" />
		<Unit filename="../base/bsa/BSAHeader.hpp" />
		<Unit filename="commands/ArgumentParsingUtilities.cpp" />
		<Unit filename="commands/ArgumentParsingUtilities.hpp" />
		<Unit filename="commands/Command.hpp" />
		<Unit filename="commands/CommandFactory.cpp" />
		<Unit filename="commands/CommandFactory.hpp" />
		<Unit filename="commands/Commands.cpp" />
		<Unit filename="commands/Commands.hpp" />
		<Unit filename="commands/ExtractAll.cpp" />
		<Unit filename="commands/ExtractAll.hpp" />
		<Unit filename="commands/ExtractFile.cpp" />
		<Unit filename="commands/ExtractFile.hpp" />
		<Unit filename="commands/ExtractFolder.cpp" />
		<Unit filename="commands/ExtractFolder.hpp" />
		<Unit filename="commands/Folders.cpp" />
		<Unit filename="commands/Folders.hpp" />
		<Unit filename="commands/Help.cpp" />
		<Unit filename="commands/Help.hpp" />
		<Unit filename="commands/Info.cpp" />
		<Unit filename="commands/Info.hpp" />
		<Unit filename="commands/List.cpp" />
		<Unit filename="commands/List.hpp" />
		<Unit filename="commands/Operations.cpp" />
		<Unit filename="commands/Operations.hpp" />
		<Unit filename="main.cpp" />
		<Extensions />
	</Project>
</CodeBlocks_project_file>
