<?xml version="1.0" encoding="UTF-8" standalone="yes" ?>
<CodeBlocks_project_file>
	<FileVersion major="1" minor="6" />
	<Project>
		<Option title="sr-esm-io" />
		<Option pch_mode="2" />
		<Option compiler="gcc" />
		<Build>
			<Target title="Release">
				<Option output="bin/Release/sr-esm-io" prefix_auto="1" extension_auto="1" />
				<Option object_output="obj/Release/" />
				<Option type="1" />
				<Option compiler="gcc" />
				<Compiler>
					<Add option="-O2" />
				</Compiler>
				<Linker>
					<Add option="-s" />
				</Linker>
			</Target>
		</Build>
		<Compiler>
			<Add option="-Wshadow" />
			<Add option="-Weffc++" />
			<Add option="-Wmain" />
			<Add option="-pedantic" />
			<Add option="-Wextra" />
			<Add option="-Wall" />
			<Add option="-std=gnu++17" />
			<Add option="-fexceptions" />
		</Compiler>
		<Linker>
			<Add library="z" />
			<Add library="lz4" />
		</Linker>
		<Unit filename="../../lib/base/CompressionFunctions.cpp" />
		<Unit filename="../../lib/base/CompressionFunctions.hpp" />
		<Unit filename="../../lib/base/DirectoryFunctions.cpp" />
		<Unit filename="../../lib/base/DirectoryFunctions.hpp" />
		<Unit filename="../../lib/base/FileFunctions.cpp" />
		<Unit filename="../../lib/base/FileFunctions.hpp" />
		<Unit filename="../../lib/base/RandomFunctions.cpp" />
		<Unit filename="../../lib/base/RandomFunctions.hpp" />
		<Unit filename="../../lib/base/SlashFunctions.cpp" />
		<Unit filename="../../lib/base/SlashFunctions.hpp" />
		<Unit filename="../../lib/base/UtilityFunctions.cpp" />
		<Unit filename="../../lib/base/UtilityFunctions.hpp" />
		<Unit filename="../../lib/base/lz4Compression.cpp" />
		<Unit filename="../../lib/base/lz4Compression.hpp" />
		<Unit filename="../../lib/mw/HelperIO.cpp" />
		<Unit filename="../../lib/mw/HelperIO.hpp" />
		<Unit filename="../../lib/mw/ReturnCodes.hpp" />
		<Unit filename="../../lib/sr/ESMFileContents.cpp" />
		<Unit filename="../../lib/sr/ESMFileContents.hpp" />
		<Unit filename="../../lib/sr/ESMReader.cpp" />
		<Unit filename="../../lib/sr/ESMReader.hpp" />
		<Unit filename="../../lib/sr/ESMReaderContentsAll.cpp" />
		<Unit filename="../../lib/sr/ESMReaderContentsAll.hpp" />
		<Unit filename="../../lib/sr/ESMReaderContentsBase.cpp" />
		<Unit filename="../../lib/sr/ESMReaderContentsBase.hpp" />
		<Unit filename="../../lib/sr/ESMWriter.cpp" />
		<Unit filename="../../lib/sr/ESMWriter.hpp" />
		<Unit filename="../../lib/sr/ESMWriterContents.cpp" />
		<Unit filename="../../lib/sr/ESMWriterContents.hpp" />
		<Unit filename="../../lib/sr/Group.cpp" />
		<Unit filename="../../lib/sr/Group.hpp" />
		<Unit filename="../../lib/sr/Localization.cpp" />
		<Unit filename="../../lib/sr/Localization.hpp" />
		<Unit filename="../../lib/sr/ReturnCodes.hpp" />
		<Unit filename="../../lib/sr/StringTable.cpp" />
		<Unit filename="../../lib/sr/StringTable.hpp" />
		<Unit filename="../../lib/sr/TableUtilities.cpp" />
		<Unit filename="../../lib/sr/TableUtilities.hpp" />
		<Unit filename="../../lib/sr/bsa/BSA.cpp" />
		<Unit filename="../../lib/sr/bsa/BSA.hpp" />
		<Unit filename="../../lib/sr/bsa/BSADirectoryBlock.cpp" />
		<Unit filename="../../lib/sr/bsa/BSADirectoryBlock.hpp" />
		<Unit filename="../../lib/sr/bsa/BSADirectoryRecord.cpp" />
		<Unit filename="../../lib/sr/bsa/BSADirectoryRecord.hpp" />
		<Unit filename="../../lib/sr/bsa/BSAFileRecord.cpp" />
		<Unit filename="../../lib/sr/bsa/BSAFileRecord.hpp" />
		<Unit filename="../../lib/sr/bsa/BSAHash.hpp" />
		<Unit filename="../../lib/sr/bsa/BSAHeader.cpp" />
		<Unit filename="../../lib/sr/bsa/BSAHeader.hpp" />
		<Unit filename="../../lib/sr/records/AcousticSpaceRecord.cpp" />
		<Unit filename="../../lib/sr/records/AcousticSpaceRecord.hpp" />
		<Unit filename="../../lib/sr/records/ActionRecord.cpp" />
		<Unit filename="../../lib/sr/records/ActionRecord.hpp" />
		<Unit filename="../../lib/sr/records/ActivatorRecord.cpp" />
		<Unit filename="../../lib/sr/records/ActivatorRecord.hpp" />
		<Unit filename="../../lib/sr/records/AddOnNodeRecord.cpp" />
		<Unit filename="../../lib/sr/records/AddOnNodeRecord.hpp" />
		<Unit filename="../../lib/sr/records/AlchemyPotionRecord.cpp" />
		<Unit filename="../../lib/sr/records/AlchemyPotionRecord.hpp" />
		<Unit filename="../../lib/sr/records/AmmunitionRecord.cpp" />
		<Unit filename="../../lib/sr/records/AmmunitionRecord.hpp" />
		<Unit filename="../../lib/sr/records/AnimatedObjectRecord.cpp" />
		<Unit filename="../../lib/sr/records/AnimatedObjectRecord.hpp" />
		<Unit filename="../../lib/sr/records/ApparatusRecord.cpp" />
		<Unit filename="../../lib/sr/records/ApparatusRecord.hpp" />
		<Unit filename="../../lib/sr/records/ArmourRecord.cpp" />
		<Unit filename="../../lib/sr/records/ArmourRecord.hpp" />
		<Unit filename="../../lib/sr/records/ArtObjectRecord.cpp" />
		<Unit filename="../../lib/sr/records/ArtObjectRecord.hpp" />
		<Unit filename="../../lib/sr/records/AssociationTypeRecord.cpp" />
		<Unit filename="../../lib/sr/records/AssociationTypeRecord.hpp" />
		<Unit filename="../../lib/sr/records/BasicRecord.cpp" />
		<Unit filename="../../lib/sr/records/BasicRecord.hpp" />
		<Unit filename="../../lib/sr/records/BinarySubRecord.cpp" />
		<Unit filename="../../lib/sr/records/BinarySubRecord.hpp" />
		<Unit filename="../../lib/sr/records/BinarySubRecordExtended.cpp" />
		<Unit filename="../../lib/sr/records/BinarySubRecordExtended.hpp" />
		<Unit filename="../../lib/sr/records/BookRecord.cpp" />
		<Unit filename="../../lib/sr/records/BookRecord.hpp" />
		<Unit filename="../../lib/sr/records/CTDAData.cpp" />
		<Unit filename="../../lib/sr/records/CTDAData.hpp" />
		<Unit filename="../../lib/sr/records/CameraPathRecord.cpp" />
		<Unit filename="../../lib/sr/records/CameraPathRecord.hpp" />
		<Unit filename="../../lib/sr/records/CameraShotRecord.cpp" />
		<Unit filename="../../lib/sr/records/CameraShotRecord.hpp" />
		<Unit filename="../../lib/sr/records/CellRecord.cpp" />
		<Unit filename="../../lib/sr/records/CellRecord.hpp" />
		<Unit filename="../../lib/sr/records/CharacterReferenceRecord.cpp" />
		<Unit filename="../../lib/sr/records/CharacterReferenceRecord.hpp" />
		<Unit filename="../../lib/sr/records/ClassRecord.cpp" />
		<Unit filename="../../lib/sr/records/ClassRecord.hpp" />
		<Unit filename="../../lib/sr/records/ClimateRecord.cpp" />
		<Unit filename="../../lib/sr/records/ClimateRecord.hpp" />
		<Unit filename="../../lib/sr/records/CollisionRecord.cpp" />
		<Unit filename="../../lib/sr/records/CollisionRecord.hpp" />
		<Unit filename="../../lib/sr/records/ColourFormRecord.cpp" />
		<Unit filename="../../lib/sr/records/ColourFormRecord.hpp" />
		<Unit filename="../../lib/sr/records/CombatStyleRecord.cpp" />
		<Unit filename="../../lib/sr/records/CombatStyleRecord.hpp" />
		<Unit filename="../../lib/sr/records/ComponentData.cpp" />
		<Unit filename="../../lib/sr/records/ComponentData.hpp" />
		<Unit filename="../../lib/sr/records/ContainerRecord.cpp" />
		<Unit filename="../../lib/sr/records/ContainerRecord.hpp" />
		<Unit filename="../../lib/sr/records/CraftableObjectRecord.cpp" />
		<Unit filename="../../lib/sr/records/CraftableObjectRecord.hpp" />
		<Unit filename="../../lib/sr/records/DOBJRecord.cpp" />
		<Unit filename="../../lib/sr/records/DOBJRecord.hpp" />
		<Unit filename="../../lib/sr/records/DebrisRecord.cpp" />
		<Unit filename="../../lib/sr/records/DebrisRecord.hpp" />
		<Unit filename="../../lib/sr/records/DestructionData.cpp" />
		<Unit filename="../../lib/sr/records/DestructionData.hpp" />
		<Unit filename="../../lib/sr/records/DialogBranchRecord.cpp" />
		<Unit filename="../../lib/sr/records/DialogBranchRecord.hpp" />
		<Unit filename="../../lib/sr/records/DialogViewRecord.cpp" />
		<Unit filename="../../lib/sr/records/DialogViewRecord.hpp" />
		<Unit filename="../../lib/sr/records/DialogueRecord.cpp" />
		<Unit filename="../../lib/sr/records/DialogueRecord.hpp" />
		<Unit filename="../../lib/sr/records/DoorRecord.cpp" />
		<Unit filename="../../lib/sr/records/DoorRecord.hpp" />
		<Unit filename="../../lib/sr/records/DualCastDataRecord.cpp" />
		<Unit filename="../../lib/sr/records/DualCastDataRecord.hpp" />
		<Unit filename="../../lib/sr/records/EffectBlock.cpp" />
		<Unit filename="../../lib/sr/records/EffectBlock.hpp" />
		<Unit filename="../../lib/sr/records/EffectShaderRecord.cpp" />
		<Unit filename="../../lib/sr/records/EffectShaderRecord.hpp" />
		<Unit filename="../../lib/sr/records/EnchantmentRecord.cpp" />
		<Unit filename="../../lib/sr/records/EnchantmentRecord.hpp" />
		<Unit filename="../../lib/sr/records/EncounterZoneRecord.cpp" />
		<Unit filename="../../lib/sr/records/EncounterZoneRecord.hpp" />
		<Unit filename="../../lib/sr/records/EquipmentSlotRecord.cpp" />
		<Unit filename="../../lib/sr/records/EquipmentSlotRecord.hpp" />
		<Unit filename="../../lib/sr/records/ExplosionRecord.cpp" />
		<Unit filename="../../lib/sr/records/ExplosionRecord.hpp" />
		<Unit filename="../../lib/sr/records/EyeRecord.cpp" />
		<Unit filename="../../lib/sr/records/EyeRecord.hpp" />
		<Unit filename="../../lib/sr/records/FactionRecord.cpp" />
		<Unit filename="../../lib/sr/records/FactionRecord.hpp" />
		<Unit filename="../../lib/sr/records/FloraRecord.cpp" />
		<Unit filename="../../lib/sr/records/FloraRecord.hpp" />
		<Unit filename="../../lib/sr/records/FootstepRecord.cpp" />
		<Unit filename="../../lib/sr/records/FootstepRecord.hpp" />
		<Unit filename="../../lib/sr/records/FootstepSetRecord.cpp" />
		<Unit filename="../../lib/sr/records/FootstepSetRecord.hpp" />
		<Unit filename="../../lib/sr/records/FormListRecord.cpp" />
		<Unit filename="../../lib/sr/records/FormListRecord.hpp" />
		<Unit filename="../../lib/sr/records/FurnitureRecord.cpp" />
		<Unit filename="../../lib/sr/records/FurnitureRecord.hpp" />
		<Unit filename="../../lib/sr/records/GMSTRecord.cpp" />
		<Unit filename="../../lib/sr/records/GMSTRecord.hpp" />
		<Unit filename="../../lib/sr/records/GenericRecord.cpp" />
		<Unit filename="../../lib/sr/records/GenericRecord.hpp" />
		<Unit filename="../../lib/sr/records/GlobalRecord.cpp" />
		<Unit filename="../../lib/sr/records/GlobalRecord.hpp" />
		<Unit filename="../../lib/sr/records/GrassRecord.cpp" />
		<Unit filename="../../lib/sr/records/GrassRecord.hpp" />
		<Unit filename="../../lib/sr/records/GroupData.cpp" />
		<Unit filename="../../lib/sr/records/GroupData.hpp" />
		<Unit filename="../../lib/sr/records/HazardRecord.cpp" />
		<Unit filename="../../lib/sr/records/HazardRecord.hpp" />
		<Unit filename="../../lib/sr/records/HeadPartRecord.cpp" />
		<Unit filename="../../lib/sr/records/HeadPartRecord.hpp" />
		<Unit filename="../../lib/sr/records/IdleAnimationRecord.cpp" />
		<Unit filename="../../lib/sr/records/IdleAnimationRecord.hpp" />
		<Unit filename="../../lib/sr/records/ImageSpaceModifierRecord.cpp" />
		<Unit filename="../../lib/sr/records/ImageSpaceModifierRecord.hpp" />
		<Unit filename="../../lib/sr/records/ImageSpaceRecord.cpp" />
		<Unit filename="../../lib/sr/records/ImageSpaceRecord.hpp" />
		<Unit filename="../../lib/sr/records/ImpactDataRecord.cpp" />
		<Unit filename="../../lib/sr/records/ImpactDataRecord.hpp" />
		<Unit filename="../../lib/sr/records/ImpactDataSetRecord.cpp" />
		<Unit filename="../../lib/sr/records/ImpactDataSetRecord.hpp" />
		<Unit filename="../../lib/sr/records/IngredientRecord.cpp" />
		<Unit filename="../../lib/sr/records/IngredientRecord.hpp" />
		<Unit filename="../../lib/sr/records/KeyRecord.cpp" />
		<Unit filename="../../lib/sr/records/KeyRecord.hpp" />
		<Unit filename="../../lib/sr/records/KeywordRecord.cpp" />
		<Unit filename="../../lib/sr/records/KeywordRecord.hpp" />
		<Unit filename="../../lib/sr/records/LandscapeTextureRecord.cpp" />
		<Unit filename="../../lib/sr/records/LandscapeTextureRecord.hpp" />
		<Unit filename="../../lib/sr/records/LeveledCharacterRecord.cpp" />
		<Unit filename="../../lib/sr/records/LeveledCharacterRecord.hpp" />
		<Unit filename="../../lib/sr/records/LeveledItemRecord.cpp" />
		<Unit filename="../../lib/sr/records/LeveledItemRecord.hpp" />
		<Unit filename="../../lib/sr/records/LeveledListBaseRecord.cpp" />
		<Unit filename="../../lib/sr/records/LeveledListBaseRecord.hpp" />
		<Unit filename="../../lib/sr/records/LeveledSpellRecord.cpp" />
		<Unit filename="../../lib/sr/records/LeveledSpellRecord.hpp" />
		<Unit filename="../../lib/sr/records/LightRecord.cpp" />
		<Unit filename="../../lib/sr/records/LightRecord.hpp" />
		<Unit filename="../../lib/sr/records/LightingTemplateRecord.cpp" />
		<Unit filename="../../lib/sr/records/LightingTemplateRecord.hpp" />
		<Unit filename="../../lib/sr/records/LoadScreenRecord.cpp" />
		<Unit filename="../../lib/sr/records/LoadScreenRecord.hpp" />
		<Unit filename="../../lib/sr/records/LocalizedString.cpp" />
		<Unit filename="../../lib/sr/records/LocalizedString.hpp" />
		<Unit filename="../../lib/sr/records/LocationRecord.cpp" />
		<Unit filename="../../lib/sr/records/LocationRecord.hpp" />
		<Unit filename="../../lib/sr/records/LocationReferenceTypeRecord.cpp" />
		<Unit filename="../../lib/sr/records/LocationReferenceTypeRecord.hpp" />
		<Unit filename="../../lib/sr/records/MagicEffectRecord.cpp" />
		<Unit filename="../../lib/sr/records/MagicEffectRecord.hpp" />
		<Unit filename="../../lib/sr/records/MaterialObjectRecord.cpp" />
		<Unit filename="../../lib/sr/records/MaterialObjectRecord.hpp" />
		<Unit filename="../../lib/sr/records/MaterialTypeRecord.cpp" />
		<Unit filename="../../lib/sr/records/MaterialTypeRecord.hpp" />
		<Unit filename="../../lib/sr/records/MessageRecord.cpp" />
		<Unit filename="../../lib/sr/records/MessageRecord.hpp" />
		<Unit filename="../../lib/sr/records/MiscObjectRecord.cpp" />
		<Unit filename="../../lib/sr/records/MiscObjectRecord.hpp" />
		<Unit filename="../../lib/sr/records/MovableStaticRecord.cpp" />
		<Unit filename="../../lib/sr/records/MovableStaticRecord.hpp" />
		<Unit filename="../../lib/sr/records/MovementTypeRecord.cpp" />
		<Unit filename="../../lib/sr/records/MovementTypeRecord.hpp" />
		<Unit filename="../../lib/sr/records/MusicTrackRecord.cpp" />
		<Unit filename="../../lib/sr/records/MusicTrackRecord.hpp" />
		<Unit filename="../../lib/sr/records/MusicTypeRecord.cpp" />
		<Unit filename="../../lib/sr/records/MusicTypeRecord.hpp" />
		<Unit filename="../../lib/sr/records/NAVIRecord.cpp" />
		<Unit filename="../../lib/sr/records/NAVIRecord.hpp" />
		<Unit filename="../../lib/sr/records/NPCRecord.cpp" />
		<Unit filename="../../lib/sr/records/NPCRecord.hpp" />
		<Unit filename="../../lib/sr/records/NavMeshRecord.cpp" />
		<Unit filename="../../lib/sr/records/NavMeshRecord.hpp" />
		<Unit filename="../../lib/sr/records/OutfitRecord.cpp" />
		<Unit filename="../../lib/sr/records/OutfitRecord.hpp" />
		<Unit filename="../../lib/sr/records/PerkRecord.cpp" />
		<Unit filename="../../lib/sr/records/PerkRecord.hpp" />
		<Unit filename="../../lib/sr/records/PlacedGrenadeRecord.cpp" />
		<Unit filename="../../lib/sr/records/PlacedGrenadeRecord.hpp" />
		<Unit filename="../../lib/sr/records/PlacedHazardRecord.cpp" />
		<Unit filename="../../lib/sr/records/PlacedHazardRecord.hpp" />
		<Unit filename="../../lib/sr/records/ProjectileRecord.cpp" />
		<Unit filename="../../lib/sr/records/ProjectileRecord.hpp" />
		<Unit filename="../../lib/sr/records/QuestRecord.cpp" />
		<Unit filename="../../lib/sr/records/QuestRecord.hpp" />
		<Unit filename="../../lib/sr/records/RaceRecord.cpp" />
		<Unit filename="../../lib/sr/records/RaceRecord.hpp" />
		<Unit filename="../../lib/sr/records/ReferenceRecord.cpp" />
		<Unit filename="../../lib/sr/records/ReferenceRecord.hpp" />
		<Unit filename="../../lib/sr/records/RelationshipRecord.cpp" />
		<Unit filename="../../lib/sr/records/RelationshipRecord.hpp" />
		<Unit filename="../../lib/sr/records/ReverbRecord.cpp" />
		<Unit filename="../../lib/sr/records/ReverbRecord.hpp" />
		<Unit filename="../../lib/sr/records/ScrollRecord.cpp" />
		<Unit filename="../../lib/sr/records/ScrollRecord.hpp" />
		<Unit filename="../../lib/sr/records/ShaderParticleGeometryRecord.cpp" />
		<Unit filename="../../lib/sr/records/ShaderParticleGeometryRecord.hpp" />
		<Unit filename="../../lib/sr/records/ShoutRecord.cpp" />
		<Unit filename="../../lib/sr/records/ShoutRecord.hpp" />
		<Unit filename="../../lib/sr/records/SoulGemRecord.cpp" />
		<Unit filename="../../lib/sr/records/SoulGemRecord.hpp" />
		<Unit filename="../../lib/sr/records/SoundCategoryRecord.cpp" />
		<Unit filename="../../lib/sr/records/SoundCategoryRecord.hpp" />
		<Unit filename="../../lib/sr/records/SoundDescriptorRecord.cpp" />
		<Unit filename="../../lib/sr/records/SoundDescriptorRecord.hpp" />
		<Unit filename="../../lib/sr/records/SoundRecord.cpp" />
		<Unit filename="../../lib/sr/records/SoundRecord.hpp" />
		<Unit filename="../../lib/sr/records/SpellItem.cpp" />
		<Unit filename="../../lib/sr/records/SpellItem.hpp" />
		<Unit filename="../../lib/sr/records/SpellRecord.cpp" />
		<Unit filename="../../lib/sr/records/SpellRecord.hpp" />
		<Unit filename="../../lib/sr/records/StaticRecord.cpp" />
		<Unit filename="../../lib/sr/records/StaticRecord.hpp" />
		<Unit filename="../../lib/sr/records/TES4HeaderRecord.cpp" />
		<Unit filename="../../lib/sr/records/TalkingActivatorRecord.cpp" />
		<Unit filename="../../lib/sr/records/TalkingActivatorRecord.hpp" />
		<Unit filename="../../lib/sr/records/TextureSetRecord.cpp" />
		<Unit filename="../../lib/sr/records/TextureSetRecord.hpp" />
		<Unit filename="../../lib/sr/records/TreeRecord.cpp" />
		<Unit filename="../../lib/sr/records/TreeRecord.hpp" />
		<Unit filename="../../lib/sr/records/VisualEffectRecord.cpp" />
		<Unit filename="../../lib/sr/records/VisualEffectRecord.hpp" />
		<Unit filename="../../lib/sr/records/VoiceTypeRecord.cpp" />
		<Unit filename="../../lib/sr/records/VoiceTypeRecord.hpp" />
		<Unit filename="../../lib/sr/records/WaterTypeRecord.cpp" />
		<Unit filename="../../lib/sr/records/WaterTypeRecord.hpp" />
		<Unit filename="../../lib/sr/records/WeaponRecord.cpp" />
		<Unit filename="../../lib/sr/records/WeaponRecord.hpp" />
		<Unit filename="../../lib/sr/records/WordOfPowerRecord.cpp" />
		<Unit filename="../../lib/sr/records/WordOfPowerRecord.hpp" />
		<Unit filename="../../lib/sr/records/WorldSpaceRecord.cpp" />
		<Unit filename="../../lib/sr/records/WorldSpaceRecord.hpp" />
		<Unit filename="../../lib/sr/records/quest/AliasEntry.cpp" />
		<Unit filename="../../lib/sr/records/quest/AliasEntry.hpp" />
		<Unit filename="../../lib/sr/records/quest/IndexEntry.cpp" />
		<Unit filename="../../lib/sr/records/quest/IndexEntry.hpp" />
		<Unit filename="../../lib/sr/records/quest/QOBJEntry.cpp" />
		<Unit filename="../../lib/sr/records/quest/QOBJEntry.hpp" />
		<Unit filename="../../lib/sr/records/quest/QSDTRecord.cpp" />
		<Unit filename="../../lib/sr/records/quest/QSDTRecord.hpp" />
		<Unit filename="../../lib/sr/records/quest/QSTAEntry.cpp" />
		<Unit filename="../../lib/sr/records/quest/QSTAEntry.hpp" />
		<Unit filename="main.cpp" />
		<Extensions />
	</Project>
</CodeBlocks_project_file>
