<?xml version="1.0" encoding="UTF-8" standalone="yes" ?>
<CodeBlocks_project_file>
	<FileVersion major="1" minor="6" />
	<Project>
		<Option title="bsafs" />
		<Option pch_mode="2" />
		<Option compiler="gcc" />
		<Build>
			<Target title="Debug">
				<Option output="bin/Debug/bsafs" prefix_auto="1" extension_auto="1" />
				<Option object_output="obj/Debug/" />
				<Option type="1" />
				<Option compiler="gcc" />
				<Compiler>
					<Add option="-g" />
					<Add option="-DBSAFS_DEBUG" />
				</Compiler>
			</Target>
			<Target title="Release">
				<Option output="bin/Release/bsafs" prefix_auto="1" extension_auto="1" />
				<Option object_output="obj/Release/" />
				<Option type="1" />
				<Option compiler="gcc" />
				<Compiler>
					<Add option="-O2" />
				</Compiler>
				<Linker>
					<Add option="-s" />
				</Linker>
			</Target>
		</Build>
		<Compiler>
			<Add option="-Wshadow" />
			<Add option="-pedantic-errors" />
			<Add option="-pedantic" />
			<Add option="-Wextra" />
			<Add option="-Wall" />
			<Add option="-std=c++17" />
			<Add option="-fexceptions" />
			<Add option="-D_FILE_OFFSET_BITS=64" />
		</Compiler>
		<Linker>
			<Add library="z" />
			<Add library="lz4" />
			<Add library="fuse" />
		</Linker>
		<Unit filename="../../../lib/base/CompressionFunctions.cpp" />
		<Unit filename="../../../lib/base/CompressionFunctions.hpp" />
		<Unit filename="../../../lib/base/DirectoryFunctions.cpp" />
		<Unit filename="../../../lib/base/DirectoryFunctions.hpp" />
		<Unit filename="../../../lib/base/FileGuard.hpp" />
		<Unit filename="../../../lib/base/RandomFunctions.cpp" />
		<Unit filename="../../../lib/base/RandomFunctions.hpp" />
		<Unit filename="../../../lib/base/SlashFunctions.cpp" />
		<Unit filename="../../../lib/base/SlashFunctions.hpp" />
		<Unit filename="../../../lib/base/UtilityFunctions.cpp" />
		<Unit filename="../../../lib/base/UtilityFunctions.hpp" />
		<Unit filename="../../../lib/base/lz4Compression.cpp" />
		<Unit filename="../../../lib/base/lz4Compression.hpp" />
		<Unit filename="../../../lib/mw/ReturnCodes.hpp" />
		<Unit filename="../../../lib/sr/ReturnCodes.hpp" />
		<Unit filename="../../../lib/sr/bsa/BSA.cpp" />
		<Unit filename="../../../lib/sr/bsa/BSA.hpp" />
		<Unit filename="../../../lib/sr/bsa/BSADirectoryBlock.cpp" />
		<Unit filename="../../../lib/sr/bsa/BSADirectoryBlock.hpp" />
		<Unit filename="../../../lib/sr/bsa/BSADirectoryRecord.cpp" />
		<Unit filename="../../../lib/sr/bsa/BSADirectoryRecord.hpp" />
		<Unit filename="../../../lib/sr/bsa/BSAFileRecord.cpp" />
		<Unit filename="../../../lib/sr/bsa/BSAFileRecord.hpp" />
		<Unit filename="../../../lib/sr/bsa/BSAHash.cpp" />
		<Unit filename="../../../lib/sr/bsa/BSAHash.hpp" />
		<Unit filename="../../../lib/sr/bsa/BSAHeader.cpp" />
		<Unit filename="../../../lib/sr/bsa/BSAHeader.hpp" />
		<Unit filename="bsafs.cpp" />
		<Unit filename="bsafs.hpp" />
		<Unit filename="main.cpp" />
		<Extensions />
	</Project>
</CodeBlocks_project_file>
